// !$*UTF8*$!
{
	archiveVersion = 1;
	classes = {
	};
	objectVersion = 46;
	objects = {

/* Begin PBXBuildFile section */
		18FB1754197529F500BC1DC4 /* Foundation.framework in Frameworks */ = {isa = PBXBuildFile; fileRef = 18FB1753197529F500BC1DC4 /* Foundation.framework */; };
		18FB1756197529F500BC1DC4 /* CoreGraphics.framework in Frameworks */ = {isa = PBXBuildFile; fileRef = 18FB1755197529F500BC1DC4 /* CoreGraphics.framework */; };
		18FB1758197529F500BC1DC4 /* UIKit.framework in Frameworks */ = {isa = PBXBuildFile; fileRef = 18FB1757197529F500BC1DC4 /* UIKit.framework */; };
		18FB175E197529F500BC1DC4 /* InfoPlist.strings in Resources */ = {isa = PBXBuildFile; fileRef = 18FB175C197529F500BC1DC4 /* InfoPlist.strings */; };
		18FB1760197529F500BC1DC4 /* main.m in Sources */ = {isa = PBXBuildFile; fileRef = 18FB175F197529F500BC1DC4 /* main.m */; };
		18FB1764197529F500BC1DC4 /* AppDelegate.m in Sources */ = {isa = PBXBuildFile; fileRef = 18FB1763197529F500BC1DC4 /* AppDelegate.m */; };
		18FB1766197529F500BC1DC4 /* Images.xcassets in Resources */ = {isa = PBXBuildFile; fileRef = 18FB1765197529F500BC1DC4 /* Images.xcassets */; };
		18FB176D197529F500BC1DC4 /* XCTest.framework in Frameworks */ = {isa = PBXBuildFile; fileRef = 18FB176C197529F500BC1DC4 /* XCTest.framework */; };
		18FB176E197529F500BC1DC4 /* Foundation.framework in Frameworks */ = {isa = PBXBuildFile; fileRef = 18FB1753197529F500BC1DC4 /* Foundation.framework */; };
		18FB176F197529F500BC1DC4 /* UIKit.framework in Frameworks */ = {isa = PBXBuildFile; fileRef = 18FB1757197529F500BC1DC4 /* UIKit.framework */; };
		18FB1777197529F500BC1DC4 /* InfoPlist.strings in Resources */ = {isa = PBXBuildFile; fileRef = 18FB1775197529F500BC1DC4 /* InfoPlist.strings */; };
		18FB1779197529F500BC1DC4 /* UIColorTests.m in Sources */ = {isa = PBXBuildFile; fileRef = 18FB1778197529F500BC1DC4 /* UIColorTests.m */; };
		18FB178419752A3900BC1DC4 /* ColorViewController.m in Sources */ = {isa = PBXBuildFile; fileRef = 18FB178319752A3900BC1DC4 /* ColorViewController.m */; };
		18FB178C19752C2C00BC1DC4 /* bk2.png in Resources */ = {isa = PBXBuildFile; fileRef = 18FB178B19752C2C00BC1DC4 /* bk2.png */; };
		18FB178F19752CC400BC1DC4 /* SetColor.m in Sources */ = {isa = PBXBuildFile; fileRef = 18FB178E19752CC400BC1DC4 /* SetColor.m */; };
		18FB179219752E0500BC1DC4 /* ColorTableViewController.m in Sources */ = {isa = PBXBuildFile; fileRef = 18FB179119752E0500BC1DC4 /* ColorTableViewController.m */; };
		18FB17951975339500BC1DC4 /* SetColorViewController.m in Sources */ = {isa = PBXBuildFile; fileRef = 18FB17941975339500BC1DC4 /* SetColorViewController.m */; };
/* End PBXBuildFile section */

/* Begin PBXContainerItemProxy section */
		18FB1770197529F500BC1DC4 /* PBXContainerItemProxy */ = {
			isa = PBXContainerItemProxy;
			containerPortal = 18FB1748197529F500BC1DC4 /* Project object */;
			proxyType = 1;
			remoteGlobalIDString = 18FB174F197529F500BC1DC4;
			remoteInfo = UIColor;
		};
/* End PBXContainerItemProxy section */

/* Begin PBXFileReference section */
		18FB1750197529F500BC1DC4 /* UIColor.app */ = {isa = PBXFileReference; explicitFileType = wrapper.application; includeInIndex = 0; path = UIColor.app; sourceTree = BUILT_PRODUCTS_DIR; };
		18FB1753197529F500BC1DC4 /* Foundation.framework */ = {isa = PBXFileReference; lastKnownFileType = wrapper.framework; name = Foundation.framework; path = System/Library/Frameworks/Foundation.framework; sourceTree = SDKROOT; };
		18FB1755197529F500BC1DC4 /* CoreGraphics.framework */ = {isa = PBXFileReference; lastKnownFileType = wrapper.framework; name = CoreGraphics.framework; path = System/Library/Frameworks/CoreGraphics.framework; sourceTree = SDKROOT; };
		18FB1757197529F500BC1DC4 /* UIKit.framework */ = {isa = PBXFileReference; lastKnownFileType = wrapper.framework; name = UIKit.framework; path = System/Library/Frameworks/UIKit.framework; sourceTree = SDKROOT; };
		18FB175B197529F500BC1DC4 /* UIColor-Info.plist */ = {isa = PBXFileReference; lastKnownFileType = text.plist.xml; path = "UIColor-Info.plist"; sourceTree = "<group>"; };
		18FB175D197529F500BC1DC4 /* en */ = {isa = PBXFileReference; lastKnownFileType = text.plist.strings; name = en; path = en.lproj/InfoPlist.strings; sourceTree = "<group>"; };
		18FB175F197529F500BC1DC4 /* main.m */ = {isa = PBXFileReference; lastKnownFileType = sourcecode.c.objc; path = main.m; sourceTree = "<group>"; };
		18FB1761197529F500BC1DC4 /* UIColor-Prefix.pch */ = {isa = PBXFileReference; lastKnownFileType = sourcecode.c.h; path = "UIColor-Prefix.pch"; sourceTree = "<group>"; };
		18FB1762197529F500BC1DC4 /* AppDelegate.h */ = {isa = PBXFileReference; lastKnownFileType = sourcecode.c.h; path = AppDelegate.h; sourceTree = "<group>"; };
		18FB1763197529F500BC1DC4 /* AppDelegate.m */ = {isa = PBXFileReference; lastKnownFileType = sourcecode.c.objc; path = AppDelegate.m; sourceTree = "<group>"; };
		18FB1765197529F500BC1DC4 /* Images.xcassets */ = {isa = PBXFileReference; lastKnownFileType = folder.assetcatalog; path = Images.xcassets; sourceTree = "<group>"; };
		18FB176B197529F500BC1DC4 /* UIColorTests.xctest */ = {isa = PBXFileReference; explicitFileType = wrapper.cfbundle; includeInIndex = 0; path = UIColorTests.xctest; sourceTree = BUILT_PRODUCTS_DIR; };
		18FB176C197529F500BC1DC4 /* XCTest.framework */ = {isa = PBXFileReference; lastKnownFileType = wrapper.framework; name = XCTest.framework; path = Library/Frameworks/XCTest.framework; sourceTree = DEVELOPER_DIR; };
		18FB1774197529F500BC1DC4 /* UIColorTests-Info.plist */ = {isa = PBXFileReference; lastKnownFileType = text.plist.xml; path = "UIColorTests-Info.plist"; sourceTree = "<group>"; };
		18FB1776197529F500BC1DC4 /* en */ = {isa = PBXFileReference; lastKnownFileType = text.plist.strings; name = en; path = en.lproj/InfoPlist.strings; sourceTree = "<group>"; };
		18FB1778197529F500BC1DC4 /* UIColorTests.m */ = {isa = PBXFileReference; lastKnownFileType = sourcecode.c.objc; path = UIColorTests.m; sourceTree = "<group>"; };
		18FB178219752A3900BC1DC4 /* ColorViewController.h */ = {isa = PBXFileReference; fileEncoding = 4; lastKnownFileType = sourcecode.c.h; path = ColorViewController.h; sourceTree = "<group>"; };
		18FB178319752A3900BC1DC4 /* ColorViewController.m */ = {isa = PBXFileReference; fileEncoding = 4; lastKnownFileType = sourcecode.c.objc; path = ColorViewController.m; sourceTree = "<group>"; };
		18FB178B19752C2C00BC1DC4 /* bk2.png */ = {isa = PBXFileReference; lastKnownFileType = image.png; path = bk2.png; sourceTree = "<group>"; };
		18FB178D19752CC400BC1DC4 /* SetColor.h */ = {isa = PBXFileReference; fileEncoding = 4; lastKnownFileType = sourcecode.c.h; path = SetColor.h; sourceTree = "<group>"; };
		18FB178E19752CC400BC1DC4 /* SetColor.m */ = {isa = PBXFileReference; fileEncoding = 4; lastKnownFileType = sourcecode.c.objc; path = SetColor.m; sourceTree = "<group>"; };
		18FB179019752E0500BC1DC4 /* ColorTableViewController.h */ = {isa = PBXFileReference; fileEncoding = 4; lastKnownFileType = sourcecode.c.h; path = ColorTableViewController.h; sourceTree = "<group>"; };
		18FB179119752E0500BC1DC4 /* ColorTableViewController.m */ = {isa = PBXFileReference; fileEncoding = 4; lastKnownFileType = sourcecode.c.objc; path = ColorTableViewController.m; sourceTree = "<group>"; };
		18FB17931975339500BC1DC4 /* SetColorViewController.h */ = {isa = PBXFileReference; fileEncoding = 4; lastKnownFileType = sourcecode.c.h; path = SetColorViewController.h; sourceTree = "<group>"; };
		18FB17941975339500BC1DC4 /* SetColorViewController.m */ = {isa = PBXFileReference; fileEncoding = 4; lastKnownFileType = sourcecode.c.objc; path = SetColorViewController.m; sourceTree = "<group>"; };
/* End PBXFileReference section */

/* Begin PBXFrameworksBuildPhase section */
		18FB174D197529F500BC1DC4 /* Frameworks */ = {
			isa = PBXFrameworksBuildPhase;
			buildActionMask = 2147483647;
			files = (
				18FB1756197529F500BC1DC4 /* CoreGraphics.framework in Frameworks */,
				18FB1758197529F500BC1DC4 /* UIKit.framework in Frameworks */,
				18FB1754197529F500BC1DC4 /* Foundation.framework in Frameworks */,
			);
			runOnlyForDeploymentPostprocessing = 0;
		};
		18FB1768197529F500BC1DC4 /* Frameworks */ = {
			isa = PBXFrameworksBuildPhase;
			buildActionMask = 2147483647;
			files = (
				18FB176D197529F500BC1DC4 /* XCTest.framework in Frameworks */,
				18FB176F197529F500BC1DC4 /* UIKit.framework in Frameworks */,
				18FB176E197529F500BC1DC4 /* Foundation.framework in Frameworks */,
			);
			runOnlyForDeploymentPostprocessing = 0;
		};
/* End PBXFrameworksBuildPhase section */

/* Begin PBXGroup section */
		18FB1747197529F500BC1DC4 = {
			isa = PBXGroup;
			children = (
				18FB1759197529F500BC1DC4 /* UIColor */,
				18FB1772197529F500BC1DC4 /* UIColorTests */,
				18FB1752197529F500BC1DC4 /* Frameworks */,
				18FB1751197529F500BC1DC4 /* Products */,
			);
			sourceTree = "<group>";
		};
		18FB1751197529F500BC1DC4 /* Products */ = {
			isa = PBXGroup;
			children = (
				18FB1750197529F500BC1DC4 /* UIColor.app */,
				18FB176B197529F500BC1DC4 /* UIColorTests.xctest */,
			);
			name = Products;
			sourceTree = "<group>";
		};
		18FB1752197529F500BC1DC4 /* Frameworks */ = {
			isa = PBXGroup;
			children = (
				18FB1753197529F500BC1DC4 /* Foundation.framework */,
				18FB1755197529F500BC1DC4 /* CoreGraphics.framework */,
				18FB1757197529F500BC1DC4 /* UIKit.framework */,
				18FB176C197529F500BC1DC4 /* XCTest.framework */,
			);
			name = Frameworks;
			sourceTree = "<group>";
		};
		18FB1759197529F500BC1DC4 /* UIColor */ = {
			isa = PBXGroup;
			children = (
				18FB1762197529F500BC1DC4 /* AppDelegate.h */,
				18FB1763197529F500BC1DC4 /* AppDelegate.m */,
				18FB179019752E0500BC1DC4 /* ColorTableViewController.h */,
				18FB179119752E0500BC1DC4 /* ColorTableViewController.m */,
				18FB178219752A3900BC1DC4 /* ColorViewController.h */,
				18FB178319752A3900BC1DC4 /* ColorViewController.m */,
				18FB17931975339500BC1DC4 /* SetColorViewController.h */,
				18FB17941975339500BC1DC4 /* SetColorViewController.m */,
				18FB178D19752CC400BC1DC4 /* SetColor.h */,
				18FB178E19752CC400BC1DC4 /* SetColor.m */,
				18FB1765197529F500BC1DC4 /* Images.xcassets */,
				18FB175A197529F500BC1DC4 /* Supporting Files */,
			);
			path = UIColor;
			sourceTree = "<group>";
		};
		18FB175A197529F500BC1DC4 /* Supporting Files */ = {
			isa = PBXGroup;
			children = (
				18FB178B19752C2C00BC1DC4 /* bk2.png */,
				18FB175B197529F500BC1DC4 /* UIColor-Info.plist */,
				18FB175C197529F500BC1DC4 /* InfoPlist.strings */,
				18FB175F197529F500BC1DC4 /* main.m */,
				18FB1761197529F500BC1DC4 /* UIColor-Prefix.pch */,
			);
			name = "Supporting Files";
			sourceTree = "<group>";
		};
		18FB1772197529F500BC1DC4 /* UIColorTests */ = {
			isa = PBXGroup;
			children = (
				18FB1778197529F500BC1DC4 /* UIColorTests.m */,
				18FB1773197529F500BC1DC4 /* Supporting Files */,
			);
			path = UIColorTests;
			sourceTree = "<group>";
		};
		18FB1773197529F500BC1DC4 /* Supporting Files */ = {
			isa = PBXGroup;
			children = (
				18FB1774197529F500BC1DC4 /* UIColorTests-Info.plist */,
				18FB1775197529F500BC1DC4 /* InfoPlist.strings */,
			);
			name = "Supporting Files";
			sourceTree = "<group>";
		};
/* End PBXGroup section */

/* Begin PBXNativeTarget section */
		18FB174F197529F500BC1DC4 /* UIColor */ = {
			isa = PBXNativeTarget;
			buildConfigurationList = 18FB177C197529F500BC1DC4 /* Build configuration list for PBXNativeTarget "UIColor" */;
			buildPhases = (
				18FB174C197529F500BC1DC4 /* Sources */,
				18FB174D197529F500BC1DC4 /* Frameworks */,
				18FB174E197529F500BC1DC4 /* Resources */,
			);
			buildRules = (
			);
			dependencies = (
			);
			name = UIColor;
			productName = UIColor;
			productReference = 18FB1750197529F500BC1DC4 /* UIColor.app */;
			productType = "com.apple.product-type.application";
		};
		18FB176A197529F500BC1DC4 /* UIColorTests */ = {
			isa = PBXNativeTarget;
			buildConfigurationList = 18FB177F197529F500BC1DC4 /* Build configuration list for PBXNativeTarget "UIColorTests" */;
			buildPhases = (
				18FB1767197529F500BC1DC4 /* Sources */,
				18FB1768197529F500BC1DC4 /* Frameworks */,
				18FB1769197529F500BC1DC4 /* Resources */,
			);
			buildRules = (
			);
			dependencies = (
				18FB1771197529F500BC1DC4 /* PBXTargetDependency */,
			);
			name = UIColorTests;
			productName = UIColorTests;
			productReference = 18FB176B197529F500BC1DC4 /* UIColorTests.xctest */;
			productType = "com.apple.product-type.bundle.unit-test";
		};
/* End PBXNativeTarget section */

/* Begin PBXProject section */
		18FB1748197529F500BC1DC4 /* Project object */ = {
			isa = PBXProject;
			attributes = {
				LastUpgradeCheck = 0510;
				ORGANIZATIONNAME = sky;
				TargetAttributes = {
					18FB176A197529F500BC1DC4 = {
						TestTargetID = 18FB174F197529F500BC1DC4;
					};
				};
			};
			buildConfigurationList = 18FB174B197529F500BC1DC4 /* Build configuration list for PBXProject "UIColor" */;
			compatibilityVersion = "Xcode 3.2";
			developmentRegion = English;
			hasScannedForEncodings = 0;
			knownRegions = (
				en,
			);
			mainGroup = 18FB1747197529F500BC1DC4;
			productRefGroup = 18FB1751197529F500BC1DC4 /* Products */;
			projectDirPath = "";
			projectRoot = "";
			targets = (
				18FB174F197529F500BC1DC4 /* UIColor */,
				18FB176A197529F500BC1DC4 /* UIColorTests */,
			);
		};
/* End PBXProject section */

/* Begin PBXResourcesBuildPhase section */
		18FB174E197529F500BC1DC4 /* Resources */ = {
			isa = PBXResourcesBuildPhase;
			buildActionMask = 2147483647;
			files = (
				18FB178C19752C2C00BC1DC4 /* bk2.png in Resources */,
				18FB175E197529F500BC1DC4 /* InfoPlist.strings in Resources */,
				18FB1766197529F500BC1DC4 /* Images.xcassets in Resources */,
			);
			runOnlyForDeploymentPostprocessing = 0;
		};
		18FB1769197529F500BC1DC4 /* Resources */ = {
			isa = PBXResourcesBuildPhase;
			buildActionMask = 2147483647;
			files = (
				18FB1777197529F500BC1DC4 /* InfoPlist.strings in Resources */,
			);
			runOnlyForDeploymentPostprocessing = 0;
		};
/* End PBXResourcesBuildPhase section */

/* Begin PBXSourcesBuildPhase section */
		18FB174C197529F500BC1DC4 /* Sources */ = {
			isa = PBXSourcesBuildPhase;
			buildActionMask = 2147483647;
			files = (
				18FB178F19752CC400BC1DC4 /* SetColor.m in Sources */,
				18FB17951975339500BC1DC4 /* SetColorViewController.m in Sources */,
				18FB1764197529F500BC1DC4 /* AppDelegate.m in Sources */,
				18FB179219752E0500BC1DC4 /* ColorTableViewController.m in Sources */,
				18FB1760197529F500BC1DC4 /* main.m in Sources */,
				18FB178419752A3900BC1DC4 /* ColorViewController.m in Sources */,
			);
			runOnlyForDeploymentPostprocessing = 0;
		};
		18FB1767197529F500BC1DC4 /* Sources */ = {
			isa = PBXSourcesBuildPhase;
			buildActionMask = 2147483647;
			files = (
				18FB1779197529F500BC1DC4 /* UIColorTests.m in Sources */,
			);
			runOnlyForDeploymentPostprocessing = 0;
		};
/* End PBXSourcesBuildPhase section */

/* Begin PBXTargetDependency section */
		18FB1771197529F500BC1DC4 /* PBXTargetDependency */ = {
			isa = PBXTargetDependency;
			target = 18FB174F197529F500BC1DC4 /* UIColor */;
			targetProxy = 18FB1770197529F500BC1DC4 /* PBXContainerItemProxy */;
		};
/* End PBXTargetDependency section */

/* Begin PBXVariantGroup section */
		18FB175C197529F500BC1DC4 /* InfoPlist.strings */ = {
			isa = PBXVariantGroup;
			children = (
				18FB175D197529F500BC1DC4 /* en */,
			);
			name = InfoPlist.strings;
			sourceTree = "<group>";
		};
		18FB1775197529F500BC1DC4 /* InfoPlist.strings */ = {
			isa = PBXVariantGroup;
			children = (
				18FB1776197529F500BC1DC4 /* en */,
			);
			name = InfoPlist.strings;
			sourceTree = "<group>";
		};
/* End PBXVariantGroup section */

/* Begin XCBuildConfiguration section */
		18FB177A197529F500BC1DC4 /* Debug */ = {
			isa = XCBuildConfiguration;
			buildSettings = {
				ALWAYS_SEARCH_USER_PATHS = NO;
				CLANG_CXX_LANGUAGE_STANDARD = "gnu++0x";
				CLANG_CXX_LIBRARY = "libc++";
				CLANG_ENABLE_MODULES = YES;
				CLANG_ENABLE_OBJC_ARC = NO;
				CLANG_WARN_BOOL_CONVERSION = YES;
				CLANG_WARN_CONSTANT_CONVERSION = YES;
				CLANG_WARN_DIRECT_OBJC_ISA_USAGE = YES_ERROR;
				CLANG_WARN_EMPTY_BODY = YES;
				CLANG_WARN_ENUM_CONVERSION = YES;
				CLANG_WARN_INT_CONVERSION = YES;
				CLANG_WARN_OBJC_ROOT_CLASS = YES_ERROR;
				CLANG_WARN__DUPLICATE_METHOD_MATCH = YES;
				"CODE_SIGN_IDENTITY[sdk=iphoneos*]" = "iPhone Developer";
				COPY_PHASE_STRIP = NO;
				GCC_C_LANGUAGE_STANDARD = gnu99;
				GCC_DYNAMIC_NO_PIC = NO;
				GCC_OPTIMIZATION_LEVEL = 0;
				GCC_PREPROCESSOR_DEFINITIONS = (
					"DEBUG=1",
					"$(inherited)",
				);
				GCC_SYMBOLS_PRIVATE_EXTERN = NO;
				GCC_WARN_64_TO_32_BIT_CONVERSION = YES;
				GCC_WARN_ABOUT_RETURN_TYPE = YES_ERROR;
				GCC_WARN_UNDECLARED_SELECTOR = YES;
				GCC_WARN_UNINITIALIZED_AUTOS = YES_AGGRESSIVE;
				GCC_WARN_UNUSED_FUNCTION = YES;
				GCC_WARN_UNUSED_VARIABLE = YES;
				IPHONEOS_DEPLOYMENT_TARGET = 7.1;
				ONLY_ACTIVE_ARCH = YES;
				SDKROOT = iphoneos;
			};
			name = Debug;
		};
		18FB177B197529F500BC1DC4 /* Release */ = {
			isa = XCBuildConfiguration;
			buildSettings = {
				ALWAYS_SEARCH_USER_PATHS = NO;
				CLANG_CXX_LANGUAGE_STANDARD = "gnu++0x";
				CLANG_CXX_LIBRARY = "libc++";
				CLANG_ENABLE_MODULES = YES;
				CLANG_ENABLE_OBJC_ARC = NO;
				CLANG_WARN_BOOL_CONVERSION = YES;
				CLANG_WARN_CONSTANT_CONVERSION = YES;
				CLANG_WARN_DIRECT_OBJC_ISA_USAGE = YES_ERROR;
				CLANG_WARN_EMPTY_BODY = YES;
				CLANG_WARN_ENUM_CONVERSION = YES;
				CLANG_WARN_INT_CONVERSION = YES;
				CLANG_WARN_OBJC_ROOT_CLASS = YES_ERROR;
				CLANG_WARN__DUPLICATE_METHOD_MATCH = YES;
				"CODE_SIGN_IDENTITY[sdk=iphoneos*]" = "iPhone Developer";
				COPY_PHASE_STRIP = YES;
				ENABLE_NS_ASSERTIONS = NO;
				GCC_C_LANGUAGE_STANDARD = gnu99;
				GCC_WARN_64_TO_32_BIT_CONVERSION = YES;
				GCC_WARN_ABOUT_RETURN_TYPE = YES_ERROR;
				GCC_WARN_UNDECLARED_SELECTOR = YES;
				GCC_WARN_UNINITIALIZED_AUTOS = YES_AGGRESSIVE;
				GCC_WARN_UNUSED_FUNCTION = YES;
				GCC_WARN_UNUSED_VARIABLE = YES;
				IPHONEOS_DEPLOYMENT_TARGET = 7.1;
				SDKROOT = iphoneos;
				VALIDATE_PRODUCT = YES;
			};
			name = Release;
		};
		18FB177D197529F500BC1DC4 /* Debug */ = {
			isa = XCBuildConfiguration;
			buildSettings = {
				ASSETCATALOG_COMPILER_APPICON_NAME = AppIcon;
				ASSETCATALOG_COMPILER_LAUNCHIMAGE_NAME = LaunchImage;
				GCC_PRECOMPILE_PREFIX_HEADER = YES;
				GCC_PREFIX_HEADER = "UIColor/UIColor-Prefix.pch";
				INFOPLIST_FILE = "UIColor/UIColor-Info.plist";
				PRODUCT_NAME = "$(TARGET_NAME)";
				WRAPPER_EXTENSION = app;
			};
			name = Debug;
		};
		18FB177E197529F500BC1DC4 /* Release */ = {
			isa = XCBuildConfiguration;
			buildSettings = {
				ASSETCATALOG_COMPILER_APPICON_NAME = AppIcon;
				ASSETCATALOG_COMPILER_LAUNCHIMAGE_NAME = LaunchImage;
				GCC_PRECOMPILE_PREFIX_HEADER = YES;
				GCC_PREFIX_HEADER = "UIColor/UIColor-Prefix.pch";
				INFOPLIST_FILE = "UIColor/UIColor-Info.plist";
				PRODUCT_NAME = "$(TARGET_NAME)";
				WRAPPER_EXTENSION = app;
			};
			name = Release;
		};
		18FB1780197529F500BC1DC4 /* Debug */ = {
			isa = XCBuildConfiguration;
			buildSettings = {
				BUNDLE_LOADER = "$(BUILT_PRODUCTS_DIR)/UIColor.app/UIColor";
				FRAMEWORK_SEARCH_PATHS = (
					"$(SDKROOT)/Developer/Library/Frameworks",
					"$(inherited)",
					"$(DEVELOPER_FRAMEWORKS_DIR)",
				);
				GCC_PRECOMPILE_PREFIX_HEADER = YES;
				GCC_PREFIX_HEADER = "UIColor/UIColor-Prefix.pch";
				GCC_PREPROCESSOR_DEFINITIONS = (
					"DEBUG=1",
					"$(inherited)",
				);
				INFOPLIST_FILE = "UIColorTests/UIColorTests-Info.plist";
				PRODUCT_NAME = "$(TARGET_NAME)";
				TEST_HOST = "$(BUNDLE_LOADER)";
				WRAPPER_EXTENSION = xctest;
			};
			name = Debug;
		};
		18FB1781197529F500BC1DC4 /* Release */ = {
			isa = XCBuildConfiguration;
			buildSettings = {
				BUNDLE_LOADER = "$(BUILT_PRODUCTS_DIR)/UIColor.app/UIColor";
				FRAMEWORK_SEARCH_PATHS = (
					"$(SDKROOT)/Developer/Library/Frameworks",
					"$(inherited)",
					"$(DEVELOPER_FRAMEWORKS_DIR)",
				);
				GCC_PRECOMPILE_PREFIX_HEADER = YES;
				GCC_PREFIX_HEADER = "UIColor/UIColor-Prefix.pch";
				INFOPLIST_FILE = "UIColorTests/UIColorTests-Info.plist";
				PRODUCT_NAME = "$(TARGET_NAME)";
				TEST_HOST = "$(BUNDLE_LOADER)";
				WRAPPER_EXTENSION = xctest;
			};
			name = Release;
		};
/* End XCBuildConfiguration section */

/* Begin XCConfigurationList section */
		18FB174B197529F500BC1DC4 /* Build configuration list for PBXProject "UIColor" */ = {
			isa = XCConfigurationList;
			buildConfigurations = (
				18FB177A197529F500BC1DC4 /* Debug */,
				18FB177B197529F500BC1DC4 /* Release */,
			);
			defaultConfigurationIsVisible = 0;
			defaultConfigurationName = Release;
		};
		18FB177C197529F500BC1DC4 /* Build configuration list for PBXNativeTarget "UIColor" */ = {
			isa = XCConfigurationList;
			buildConfigurations = (
				18FB177D197529F500BC1DC4 /* Debug */,
				18FB177E197529F500BC1DC4 /* Release */,
			);
			defaultConfigurationIsVisible = 0;
		};
		18FB177F197529F500BC1DC4 /* Build configuration list for PBXNativeTarget "UIColorTests" */ = {
			isa = XCConfigurationList;
			buildConfigurations = (
				18FB1780197529F500BC1DC4 /* Debug */,
				18FB1781197529F500BC1DC4 /* Release */,
			);
			defaultConfigurationIsVisible = 0;
		};
/* End XCConfigurationList section */
	};
	rootObject = 18FB1748197529F500BC1DC4 /* Project object */;
}
