// !$*UTF8*$!
{
	archiveVersion = 1;
	classes = {
	};
	objectVersion = 46;
	objects = {

/* Begin PBXBuildFile section */
		184A95921949D3B900DDEAF8 /* main.m in Sources */ = {isa = PBXBuildFile; fileRef = 184A95911949D3B900DDEAF8 /* main.m */; };
		184A95951949D3B900DDEAF8 /* AppDelegate.m in Sources */ = {isa = PBXBuildFile; fileRef = 184A95941949D3B900DDEAF8 /* AppDelegate.m */; };
		184A95971949D3B900DDEAF8 /* Images.xcassets in Resources */ = {isa = PBXBuildFile; fileRef = 184A95961949D3B900DDEAF8 /* Images.xcassets */; };
		184A95A31949D3BA00DDEAF8 /* animationDemo2Tests.m in Sources */ = {isa = PBXBuildFile; fileRef = 184A95A21949D3BA00DDEAF8 /* animationDemo2Tests.m */; };
		184A95B11949D3F300DDEAF8 /* QuartzCore.framework in Frameworks */ = {isa = PBXBuildFile; fileRef = 184A95B01949D3F300DDEAF8 /* QuartzCore.framework */; };
		184A95B51949D40800DDEAF8 /* MainViewController.m in Sources */ = {isa = PBXBuildFile; fileRef = 184A95B31949D40800DDEAF8 /* MainViewController.m */; };
		184A95B61949D40800DDEAF8 /* MainViewController.xib in Resources */ = {isa = PBXBuildFile; fileRef = 184A95B41949D40800DDEAF8 /* MainViewController.xib */; };
/* End PBXBuildFile section */

/* Begin PBXContainerItemProxy section */
		184A959D1949D3BA00DDEAF8 /* PBXContainerItemProxy */ = {
			isa = PBXContainerItemProxy;
			containerPortal = 184A95841949D3B900DDEAF8 /* Project object */;
			proxyType = 1;
			remoteGlobalIDString = 184A958B1949D3B900DDEAF8;
			remoteInfo = animationDemo2;
		};
		184A95AC1949D3D800DDEAF8 /* PBXContainerItemProxy */ = {
			isa = PBXContainerItemProxy;
			containerPortal = 184A95841949D3B900DDEAF8 /* Project object */;
			proxyType = 1;
			remoteGlobalIDString = 184A958B1949D3B900DDEAF8;
			remoteInfo = animationDemo2;
		};
		184A95AE1949D3D800DDEAF8 /* PBXContainerItemProxy */ = {
			isa = PBXContainerItemProxy;
			containerPortal = 184A95841949D3B900DDEAF8 /* Project object */;
			proxyType = 1;
			remoteGlobalIDString = 184A958B1949D3B900DDEAF8;
			remoteInfo = animationDemo2;
		};
/* End PBXContainerItemProxy section */

/* Begin PBXFileReference section */
		184A958C1949D3B900DDEAF8 /* animationDemo2.app */ = {isa = PBXFileReference; explicitFileType = wrapper.application; includeInIndex = 0; path = animationDemo2.app; sourceTree = BUILT_PRODUCTS_DIR; };
		184A95901949D3B900DDEAF8 /* Info.plist */ = {isa = PBXFileReference; lastKnownFileType = text.plist.xml; path = Info.plist; sourceTree = "<group>"; };
		184A95911949D3B900DDEAF8 /* main.m */ = {isa = PBXFileReference; lastKnownFileType = sourcecode.c.objc; path = main.m; sourceTree = "<group>"; };
		184A95931949D3B900DDEAF8 /* AppDelegate.h */ = {isa = PBXFileReference; lastKnownFileType = sourcecode.c.h; path = AppDelegate.h; sourceTree = "<group>"; };
		184A95941949D3B900DDEAF8 /* AppDelegate.m */ = {isa = PBXFileReference; lastKnownFileType = sourcecode.c.objc; path = AppDelegate.m; sourceTree = "<group>"; };
		184A95961949D3B900DDEAF8 /* Images.xcassets */ = {isa = PBXFileReference; lastKnownFileType = folder.assetcatalog; path = Images.xcassets; sourceTree = "<group>"; };
		184A959C1949D3BA00DDEAF8 /* animationDemo2Tests.xctest */ = {isa = PBXFileReference; explicitFileType = wrapper.cfbundle; includeInIndex = 0; path = animationDemo2Tests.xctest; sourceTree = BUILT_PRODUCTS_DIR; };
		184A95A11949D3BA00DDEAF8 /* Info.plist */ = {isa = PBXFileReference; lastKnownFileType = text.plist.xml; path = Info.plist; sourceTree = "<group>"; };
		184A95A21949D3BA00DDEAF8 /* animationDemo2Tests.m */ = {isa = PBXFileReference; lastKnownFileType = sourcecode.c.objc; path = animationDemo2Tests.m; sourceTree = "<group>"; };
		184A95B01949D3F300DDEAF8 /* QuartzCore.framework */ = {isa = PBXFileReference; lastKnownFileType = wrapper.framework; name = QuartzCore.framework; path = System/Library/Frameworks/QuartzCore.framework; sourceTree = SDKROOT; };
		184A95B21949D40800DDEAF8 /* MainViewController.h */ = {isa = PBXFileReference; fileEncoding = 4; lastKnownFileType = sourcecode.c.h; path = MainViewController.h; sourceTree = "<group>"; };
		184A95B31949D40800DDEAF8 /* MainViewController.m */ = {isa = PBXFileReference; fileEncoding = 4; lastKnownFileType = sourcecode.c.objc; path = MainViewController.m; sourceTree = "<group>"; };
		184A95B41949D40800DDEAF8 /* MainViewController.xib */ = {isa = PBXFileReference; fileEncoding = 4; lastKnownFileType = file.xib; path = MainViewController.xib; sourceTree = "<group>"; };
/* End PBXFileReference section */

/* Begin PBXFrameworksBuildPhase section */
		184A95891949D3B900DDEAF8 /* Frameworks */ = {
			isa = PBXFrameworksBuildPhase;
			buildActionMask = 2147483647;
			files = (
				184A95B11949D3F300DDEAF8 /* QuartzCore.framework in Frameworks */,
			);
			runOnlyForDeploymentPostprocessing = 0;
		};
		184A95991949D3BA00DDEAF8 /* Frameworks */ = {
			isa = PBXFrameworksBuildPhase;
			buildActionMask = 2147483647;
			files = (
			);
			runOnlyForDeploymentPostprocessing = 0;
		};
/* End PBXFrameworksBuildPhase section */

/* Begin PBXGroup section */
		184A95831949D3B900DDEAF8 = {
			isa = PBXGroup;
			children = (
				184A95B01949D3F300DDEAF8 /* QuartzCore.framework */,
				184A958E1949D3B900DDEAF8 /* animationDemo2 */,
				184A959F1949D3BA00DDEAF8 /* animationDemo2Tests */,
				184A958D1949D3B900DDEAF8 /* Products */,
			);
			sourceTree = "<group>";
		};
		184A958D1949D3B900DDEAF8 /* Products */ = {
			isa = PBXGroup;
			children = (
				184A958C1949D3B900DDEAF8 /* animationDemo2.app */,
				184A959C1949D3BA00DDEAF8 /* animationDemo2Tests.xctest */,
			);
			name = Products;
			sourceTree = "<group>";
		};
		184A958E1949D3B900DDEAF8 /* animationDemo2 */ = {
			isa = PBXGroup;
			children = (
				184A95931949D3B900DDEAF8 /* AppDelegate.h */,
				184A95941949D3B900DDEAF8 /* AppDelegate.m */,
				184A95B21949D40800DDEAF8 /* MainViewController.h */,
				184A95B31949D40800DDEAF8 /* MainViewController.m */,
				184A95B41949D40800DDEAF8 /* MainViewController.xib */,
				184A95961949D3B900DDEAF8 /* Images.xcassets */,
				184A958F1949D3B900DDEAF8 /* Supporting Files */,
			);
			path = animationDemo2;
			sourceTree = "<group>";
		};
		184A958F1949D3B900DDEAF8 /* Supporting Files */ = {
			isa = PBXGroup;
			children = (
				184A95901949D3B900DDEAF8 /* Info.plist */,
				184A95911949D3B900DDEAF8 /* main.m */,
			);
			name = "Supporting Files";
			sourceTree = "<group>";
		};
		184A959F1949D3BA00DDEAF8 /* animationDemo2Tests */ = {
			isa = PBXGroup;
			children = (
				184A95A21949D3BA00DDEAF8 /* animationDemo2Tests.m */,
				184A95A01949D3BA00DDEAF8 /* Supporting Files */,
			);
			path = animationDemo2Tests;
			sourceTree = "<group>";
		};
		184A95A01949D3BA00DDEAF8 /* Supporting Files */ = {
			isa = PBXGroup;
			children = (
				184A95A11949D3BA00DDEAF8 /* Info.plist */,
			);
			name = "Supporting Files";
			sourceTree = "<group>";
		};
/* End PBXGroup section */

/* Begin PBXNativeTarget section */
		184A958B1949D3B900DDEAF8 /* animationDemo2 */ = {
			isa = PBXNativeTarget;
			buildConfigurationList = 184A95A61949D3BA00DDEAF8 /* Build configuration list for PBXNativeTarget "animationDemo2" */;
			buildPhases = (
				184A95881949D3B900DDEAF8 /* Sources */,
				184A95891949D3B900DDEAF8 /* Frameworks */,
				184A958A1949D3B900DDEAF8 /* Resources */,
			);
			buildRules = (
			);
			dependencies = (
			);
			name = animationDemo2;
			productName = animationDemo2;
			productReference = 184A958C1949D3B900DDEAF8 /* animationDemo2.app */;
			productType = "com.apple.product-type.application";
		};
		184A959B1949D3BA00DDEAF8 /* animationDemo2Tests */ = {
			isa = PBXNativeTarget;
			buildConfigurationList = 184A95A91949D3BA00DDEAF8 /* Build configuration list for PBXNativeTarget "animationDemo2Tests" */;
			buildPhases = (
				184A95981949D3BA00DDEAF8 /* Sources */,
				184A95991949D3BA00DDEAF8 /* Frameworks */,
				184A959A1949D3BA00DDEAF8 /* Resources */,
			);
			buildRules = (
			);
			dependencies = (
				184A959E1949D3BA00DDEAF8 /* PBXTargetDependency */,
				184A95AD1949D3D800DDEAF8 /* PBXTargetDependency */,
				184A95AF1949D3D800DDEAF8 /* PBXTargetDependency */,
			);
			name = animationDemo2Tests;
			productName = animationDemo2Tests;
			productReference = 184A959C1949D3BA00DDEAF8 /* animationDemo2Tests.xctest */;
			productType = "com.apple.product-type.bundle.unit-test";
		};
/* End PBXNativeTarget section */

/* Begin PBXProject section */
		184A95841949D3B900DDEAF8 /* Project object */ = {
			isa = PBXProject;
			attributes = {
				LastUpgradeCheck = 0600;
				ORGANIZATIONNAME = sky;
				TargetAttributes = {
					184A958B1949D3B900DDEAF8 = {
						CreatedOnToolsVersion = 6.0;
					};
					184A959B1949D3BA00DDEAF8 = {
						CreatedOnToolsVersion = 6.0;
						TestTargetID = 184A958B1949D3B900DDEAF8;
					};
				};
			};
			buildConfigurationList = 184A95871949D3B900DDEAF8 /* Build configuration list for PBXProject "animationDemo2" */;
			compatibilityVersion = "Xcode 3.2";
			developmentRegion = English;
			hasScannedForEncodings = 0;
			knownRegions = (
				en,
			);
			mainGroup = 184A95831949D3B900DDEAF8;
			productRefGroup = 184A958D1949D3B900DDEAF8 /* Products */;
			projectDirPath = "";
			projectRoot = "";
			targets = (
				184A958B1949D3B900DDEAF8 /* animationDemo2 */,
				184A959B1949D3BA00DDEAF8 /* animationDemo2Tests */,
			);
		};
/* End PBXProject section */

/* Begin PBXResourcesBuildPhase section */
		184A958A1949D3B900DDEAF8 /* Resources */ = {
			isa = PBXResourcesBuildPhase;
			buildActionMask = 2147483647;
			files = (
				184A95971949D3B900DDEAF8 /* Images.xcassets in Resources */,
				184A95B61949D40800DDEAF8 /* MainViewController.xib in Resources */,
			);
			runOnlyForDeploymentPostprocessing = 0;
		};
		184A959A1949D3BA00DDEAF8 /* Resources */ = {
			isa = PBXResourcesBuildPhase;
			buildActionMask = 2147483647;
			files = (
			);
			runOnlyForDeploymentPostprocessing = 0;
		};
/* End PBXResourcesBuildPhase section */

/* Begin PBXSourcesBuildPhase section */
		184A95881949D3B900DDEAF8 /* Sources */ = {
			isa = PBXSourcesBuildPhase;
			buildActionMask = 2147483647;
			files = (
				184A95951949D3B900DDEAF8 /* AppDelegate.m in Sources */,
				184A95B51949D40800DDEAF8 /* MainViewController.m in Sources */,
				184A95921949D3B900DDEAF8 /* main.m in Sources */,
			);
			runOnlyForDeploymentPostprocessing = 0;
		};
		184A95981949D3BA00DDEAF8 /* Sources */ = {
			isa = PBXSourcesBuildPhase;
			buildActionMask = 2147483647;
			files = (
				184A95A31949D3BA00DDEAF8 /* animationDemo2Tests.m in Sources */,
			);
			runOnlyForDeploymentPostprocessing = 0;
		};
/* End PBXSourcesBuildPhase section */

/* Begin PBXTargetDependency section */
		184A959E1949D3BA00DDEAF8 /* PBXTargetDependency */ = {
			isa = PBXTargetDependency;
			target = 184A958B1949D3B900DDEAF8 /* animationDemo2 */;
			targetProxy = 184A959D1949D3BA00DDEAF8 /* PBXContainerItemProxy */;
		};
		184A95AD1949D3D800DDEAF8 /* PBXTargetDependency */ = {
			isa = PBXTargetDependency;
			target = 184A958B1949D3B900DDEAF8 /* animationDemo2 */;
			targetProxy = 184A95AC1949D3D800DDEAF8 /* PBXContainerItemProxy */;
		};
		184A95AF1949D3D800DDEAF8 /* PBXTargetDependency */ = {
			isa = PBXTargetDependency;
			target = 184A958B1949D3B900DDEAF8 /* animationDemo2 */;
			targetProxy = 184A95AE1949D3D800DDEAF8 /* PBXContainerItemProxy */;
		};
/* End PBXTargetDependency section */

/* Begin XCBuildConfiguration section */
		184A95A41949D3BA00DDEAF8 /* Debug */ = {
			isa = XCBuildConfiguration;
			buildSettings = {
				ALWAYS_SEARCH_USER_PATHS = NO;
				CLANG_CXX_LANGUAGE_STANDARD = "gnu++0x";
				CLANG_CXX_LIBRARY = "libc++";
				CLANG_ENABLE_MODULES = YES;
				CLANG_ENABLE_OBJC_ARC = YES;
				CLANG_WARN_BOOL_CONVERSION = YES;
				CLANG_WARN_CONSTANT_CONVERSION = YES;
				CLANG_WARN_DIRECT_OBJC_ISA_USAGE = YES_ERROR;
				CLANG_WARN_EMPTY_BODY = YES;
				CLANG_WARN_ENUM_CONVERSION = YES;
				CLANG_WARN_INT_CONVERSION = YES;
				CLANG_WARN_OBJC_ROOT_CLASS = YES_ERROR;
				CLANG_WARN_UNREACHABLE_CODE = YES;
				CLANG_WARN__DUPLICATE_METHOD_MATCH = YES;
				"CODE_SIGN_IDENTITY[sdk=iphoneos*]" = "iPhone Developer";
				COPY_PHASE_STRIP = NO;
				ENABLE_STRICT_OBJC_MSGSEND = YES;
				GCC_C_LANGUAGE_STANDARD = gnu99;
				GCC_DYNAMIC_NO_PIC = NO;
				GCC_OPTIMIZATION_LEVEL = 0;
				GCC_PREPROCESSOR_DEFINITIONS = (
					"DEBUG=1",
					"$(inherited)",
				);
				GCC_SYMBOLS_PRIVATE_EXTERN = NO;
				GCC_WARN_64_TO_32_BIT_CONVERSION = YES;
				GCC_WARN_ABOUT_RETURN_TYPE = YES_ERROR;
				GCC_WARN_UNDECLARED_SELECTOR = YES;
				GCC_WARN_UNINITIALIZED_AUTOS = YES_AGGRESSIVE;
				GCC_WARN_UNUSED_FUNCTION = YES;
				GCC_WARN_UNUSED_VARIABLE = YES;
				IPHONEOS_DEPLOYMENT_TARGET = 8.0;
				METAL_ENABLE_DEBUG_INFO = YES;
				ONLY_ACTIVE_ARCH = YES;
				SDKROOT = iphoneos;
			};
			name = Debug;
		};
		184A95A51949D3BA00DDEAF8 /* Release */ = {
			isa = XCBuildConfiguration;
			buildSettings = {
				ALWAYS_SEARCH_USER_PATHS = NO;
				CLANG_CXX_LANGUAGE_STANDARD = "gnu++0x";
				CLANG_CXX_LIBRARY = "libc++";
				CLANG_ENABLE_MODULES = YES;
				CLANG_ENABLE_OBJC_ARC = YES;
				CLANG_WARN_BOOL_CONVERSION = YES;
				CLANG_WARN_CONSTANT_CONVERSION = YES;
				CLANG_WARN_DIRECT_OBJC_ISA_USAGE = YES_ERROR;
				CLANG_WARN_EMPTY_BODY = YES;
				CLANG_WARN_ENUM_CONVERSION = YES;
				CLANG_WARN_INT_CONVERSION = YES;
				CLANG_WARN_OBJC_ROOT_CLASS = YES_ERROR;
				CLANG_WARN_UNREACHABLE_CODE = YES;
				CLANG_WARN__DUPLICATE_METHOD_MATCH = YES;
				"CODE_SIGN_IDENTITY[sdk=iphoneos*]" = "iPhone Developer";
				COPY_PHASE_STRIP = YES;
				ENABLE_NS_ASSERTIONS = NO;
				ENABLE_STRICT_OBJC_MSGSEND = YES;
				GCC_C_LANGUAGE_STANDARD = gnu99;
				GCC_WARN_64_TO_32_BIT_CONVERSION = YES;
				GCC_WARN_ABOUT_RETURN_TYPE = YES_ERROR;
				GCC_WARN_UNDECLARED_SELECTOR = YES;
				GCC_WARN_UNINITIALIZED_AUTOS = YES_AGGRESSIVE;
				GCC_WARN_UNUSED_FUNCTION = YES;
				GCC_WARN_UNUSED_VARIABLE = YES;
				IPHONEOS_DEPLOYMENT_TARGET = 8.0;
				METAL_ENABLE_DEBUG_INFO = NO;
				SDKROOT = iphoneos;
				VALIDATE_PRODUCT = YES;
			};
			name = Release;
		};
		184A95A71949D3BA00DDEAF8 /* Debug */ = {
			isa = XCBuildConfiguration;
			buildSettings = {
				ASSETCATALOG_COMPILER_APPICON_NAME = AppIcon;
				ASSETCATALOG_COMPILER_LAUNCHIMAGE_NAME = LaunchImage;
				INFOPLIST_FILE = animationDemo2/Info.plist;
				LD_RUNPATH_SEARCH_PATHS = "$(inherited) @executable_path/Frameworks";
				PRODUCT_NAME = "$(TARGET_NAME)";
			};
			name = Debug;
		};
		184A95A81949D3BA00DDEAF8 /* Release */ = {
			isa = XCBuildConfiguration;
			buildSettings = {
				ASSETCATALOG_COMPILER_APPICON_NAME = AppIcon;
				ASSETCATALOG_COMPILER_LAUNCHIMAGE_NAME = LaunchImage;
				INFOPLIST_FILE = animationDemo2/Info.plist;
				LD_RUNPATH_SEARCH_PATHS = "$(inherited) @executable_path/Frameworks";
				PRODUCT_NAME = "$(TARGET_NAME)";
			};
			name = Release;
		};
		184A95AA1949D3BA00DDEAF8 /* Debug */ = {
			isa = XCBuildConfiguration;
			buildSettings = {
				BUNDLE_LOADER = "$(BUILT_PRODUCTS_DIR)/animationDemo2.app/animationDemo2";
				FRAMEWORK_SEARCH_PATHS = (
					"$(SDKROOT)/Developer/Library/Frameworks",
					"$(inherited)",
				);
				GCC_PREPROCESSOR_DEFINITIONS = (
					"DEBUG=1",
					"$(inherited)",
				);
				INFOPLIST_FILE = animationDemo2Tests/Info.plist;
				LD_RUNPATH_SEARCH_PATHS = "$(inherited) @executable_path/Frameworks @loader_path/Frameworks";
				METAL_ENABLE_DEBUG_INFO = YES;
				PRODUCT_NAME = "$(TARGET_NAME)";
				TEST_HOST = "$(BUNDLE_LOADER)";
			};
			name = Debug;
		};
		184A95AB1949D3BA00DDEAF8 /* Release */ = {
			isa = XCBuildConfiguration;
			buildSettings = {
				BUNDLE_LOADER = "$(BUILT_PRODUCTS_DIR)/animationDemo2.app/animationDemo2";
				FRAMEWORK_SEARCH_PATHS = (
					"$(SDKROOT)/Developer/Library/Frameworks",
					"$(inherited)",
				);
				INFOPLIST_FILE = animationDemo2Tests/Info.plist;
				LD_RUNPATH_SEARCH_PATHS = "$(inherited) @executable_path/Frameworks @loader_path/Frameworks";
				METAL_ENABLE_DEBUG_INFO = NO;
				PRODUCT_NAME = "$(TARGET_NAME)";
				TEST_HOST = "$(BUNDLE_LOADER)";
			};
			name = Release;
		};
/* End XCBuildConfiguration section */

/* Begin XCConfigurationList section */
		184A95871949D3B900DDEAF8 /* Build configuration list for PBXProject "animationDemo2" */ = {
			isa = XCConfigurationList;
			buildConfigurations = (
				184A95A41949D3BA00DDEAF8 /* Debug */,
				184A95A51949D3BA00DDEAF8 /* Release */,
			);
			defaultConfigurationIsVisible = 0;
			defaultConfigurationName = Release;
		};
		184A95A61949D3BA00DDEAF8 /* Build configuration list for PBXNativeTarget "animationDemo2" */ = {
			isa = XCConfigurationList;
			buildConfigurations = (
				184A95A71949D3BA00DDEAF8 /* Debug */,
				184A95A81949D3BA00DDEAF8 /* Release */,
			);
			defaultConfigurationIsVisible = 0;
		};
		184A95A91949D3BA00DDEAF8 /* Build configuration list for PBXNativeTarget "animationDemo2Tests" */ = {
			isa = XCConfigurationList;
			buildConfigurations = (
				184A95AA1949D3BA00DDEAF8 /* Debug */,
				184A95AB1949D3BA00DDEAF8 /* Release */,
			);
			defaultConfigurationIsVisible = 0;
		};
/* End XCConfigurationList section */
	};
	rootObject = 184A95841949D3B900DDEAF8 /* Project object */;
}
