// !$*UTF8*$!
{
	archiveVersion = 1;
	classes = {
	};
	objectVersion = 46;
	objects = {

/* Begin PBXBuildFile section */
		1885E2EC1947FA4E00B651DD /* Foundation.framework in Frameworks */ = {isa = PBXBuildFile; fileRef = 1885E2EB1947FA4E00B651DD /* Foundation.framework */; };
		1885E2EE1947FA4E00B651DD /* CoreGraphics.framework in Frameworks */ = {isa = PBXBuildFile; fileRef = 1885E2ED1947FA4E00B651DD /* CoreGraphics.framework */; };
		1885E2F01947FA4E00B651DD /* UIKit.framework in Frameworks */ = {isa = PBXBuildFile; fileRef = 1885E2EF1947FA4E00B651DD /* UIKit.framework */; };
		1885E2F61947FA4E00B651DD /* InfoPlist.strings in Resources */ = {isa = PBXBuildFile; fileRef = 1885E2F41947FA4E00B651DD /* InfoPlist.strings */; };
		1885E2F81947FA4E00B651DD /* main.m in Sources */ = {isa = PBXBuildFile; fileRef = 1885E2F71947FA4E00B651DD /* main.m */; };
		1885E2FC1947FA4E00B651DD /* MyAppDelegate.m in Sources */ = {isa = PBXBuildFile; fileRef = 1885E2FB1947FA4E00B651DD /* MyAppDelegate.m */; };
		1885E2FE1947FA4E00B651DD /* Images.xcassets in Resources */ = {isa = PBXBuildFile; fileRef = 1885E2FD1947FA4E00B651DD /* Images.xcassets */; };
		1885E3051947FA4E00B651DD /* XCTest.framework in Frameworks */ = {isa = PBXBuildFile; fileRef = 1885E3041947FA4E00B651DD /* XCTest.framework */; };
		1885E3061947FA4E00B651DD /* Foundation.framework in Frameworks */ = {isa = PBXBuildFile; fileRef = 1885E2EB1947FA4E00B651DD /* Foundation.framework */; };
		1885E3071947FA4E00B651DD /* UIKit.framework in Frameworks */ = {isa = PBXBuildFile; fileRef = 1885E2EF1947FA4E00B651DD /* UIKit.framework */; };
		1885E30F1947FA4E00B651DD /* InfoPlist.strings in Resources */ = {isa = PBXBuildFile; fileRef = 1885E30D1947FA4E00B651DD /* InfoPlist.strings */; };
		1885E3111947FA4E00B651DD /* MyDemoTests.m in Sources */ = {isa = PBXBuildFile; fileRef = 1885E3101947FA4E00B651DD /* MyDemoTests.m */; };
		1885E31F1947FB9700B651DD /* MyNavigationViewController.m in Sources */ = {isa = PBXBuildFile; fileRef = 1885E31E1947FB9700B651DD /* MyNavigationViewController.m */; };
		1885E3221947FC3600B651DD /* MyTableViewController.m in Sources */ = {isa = PBXBuildFile; fileRef = 1885E3211947FC3600B651DD /* MyTableViewController.m */; };
		1885E3281947FEAA00B651DD /* ColorViewController.m in Sources */ = {isa = PBXBuildFile; fileRef = 1885E3271947FEAA00B651DD /* ColorViewController.m */; };
		1885E32B1948058200B651DD /* MyPushViewController.m in Sources */ = {isa = PBXBuildFile; fileRef = 1885E32A1948058200B651DD /* MyPushViewController.m */; };
		1885E32E1948097500B651DD /* MyCalViewController.m in Sources */ = {isa = PBXBuildFile; fileRef = 1885E32D1948097500B651DD /* MyCalViewController.m */; };
/* End PBXBuildFile section */

/* Begin PBXContainerItemProxy section */
		1885E3081947FA4E00B651DD /* PBXContainerItemProxy */ = {
			isa = PBXContainerItemProxy;
			containerPortal = 1885E2E01947FA4E00B651DD /* Project object */;
			proxyType = 1;
			remoteGlobalIDString = 1885E2E71947FA4E00B651DD;
			remoteInfo = MyDemo;
		};
/* End PBXContainerItemProxy section */

/* Begin PBXFileReference section */
		1885E2E81947FA4E00B651DD /* MyDemo.app */ = {isa = PBXFileReference; explicitFileType = wrapper.application; includeInIndex = 0; path = MyDemo.app; sourceTree = BUILT_PRODUCTS_DIR; };
		1885E2EB1947FA4E00B651DD /* Foundation.framework */ = {isa = PBXFileReference; lastKnownFileType = wrapper.framework; name = Foundation.framework; path = System/Library/Frameworks/Foundation.framework; sourceTree = SDKROOT; };
		1885E2ED1947FA4E00B651DD /* CoreGraphics.framework */ = {isa = PBXFileReference; lastKnownFileType = wrapper.framework; name = CoreGraphics.framework; path = System/Library/Frameworks/CoreGraphics.framework; sourceTree = SDKROOT; };
		1885E2EF1947FA4E00B651DD /* UIKit.framework */ = {isa = PBXFileReference; lastKnownFileType = wrapper.framework; name = UIKit.framework; path = System/Library/Frameworks/UIKit.framework; sourceTree = SDKROOT; };
		1885E2F31947FA4E00B651DD /* MyDemo-Info.plist */ = {isa = PBXFileReference; lastKnownFileType = text.plist.xml; path = "MyDemo-Info.plist"; sourceTree = "<group>"; };
		1885E2F51947FA4E00B651DD /* en */ = {isa = PBXFileReference; lastKnownFileType = text.plist.strings; name = en; path = en.lproj/InfoPlist.strings; sourceTree = "<group>"; };
		1885E2F71947FA4E00B651DD /* main.m */ = {isa = PBXFileReference; lastKnownFileType = sourcecode.c.objc; path = main.m; sourceTree = "<group>"; };
		1885E2F91947FA4E00B651DD /* MyDemo-Prefix.pch */ = {isa = PBXFileReference; lastKnownFileType = sourcecode.c.h; path = "MyDemo-Prefix.pch"; sourceTree = "<group>"; };
		1885E2FA1947FA4E00B651DD /* MyAppDelegate.h */ = {isa = PBXFileReference; lastKnownFileType = sourcecode.c.h; path = MyAppDelegate.h; sourceTree = "<group>"; };
		1885E2FB1947FA4E00B651DD /* MyAppDelegate.m */ = {isa = PBXFileReference; lastKnownFileType = sourcecode.c.objc; path = MyAppDelegate.m; sourceTree = "<group>"; };
		1885E2FD1947FA4E00B651DD /* Images.xcassets */ = {isa = PBXFileReference; lastKnownFileType = folder.assetcatalog; path = Images.xcassets; sourceTree = "<group>"; };
		1885E3031947FA4E00B651DD /* MyDemoTests.xctest */ = {isa = PBXFileReference; explicitFileType = wrapper.cfbundle; includeInIndex = 0; path = MyDemoTests.xctest; sourceTree = BUILT_PRODUCTS_DIR; };
		1885E3041947FA4E00B651DD /* XCTest.framework */ = {isa = PBXFileReference; lastKnownFileType = wrapper.framework; name = XCTest.framework; path = Library/Frameworks/XCTest.framework; sourceTree = DEVELOPER_DIR; };
		1885E30C1947FA4E00B651DD /* MyDemoTests-Info.plist */ = {isa = PBXFileReference; lastKnownFileType = text.plist.xml; path = "MyDemoTests-Info.plist"; sourceTree = "<group>"; };
		1885E30E1947FA4E00B651DD /* en */ = {isa = PBXFileReference; lastKnownFileType = text.plist.strings; name = en; path = en.lproj/InfoPlist.strings; sourceTree = "<group>"; };
		1885E3101947FA4E00B651DD /* MyDemoTests.m */ = {isa = PBXFileReference; lastKnownFileType = sourcecode.c.objc; path = MyDemoTests.m; sourceTree = "<group>"; };
		1885E31D1947FB9700B651DD /* MyNavigationViewController.h */ = {isa = PBXFileReference; fileEncoding = 4; lastKnownFileType = sourcecode.c.h; name = MyNavigationViewController.h; path = ../MyNavigationViewController.h; sourceTree = "<group>"; };
		1885E31E1947FB9700B651DD /* MyNavigationViewController.m */ = {isa = PBXFileReference; fileEncoding = 4; lastKnownFileType = sourcecode.c.objc; name = MyNavigationViewController.m; path = ../MyNavigationViewController.m; sourceTree = "<group>"; };
		1885E3201947FC3600B651DD /* MyTableViewController.h */ = {isa = PBXFileReference; fileEncoding = 4; lastKnownFileType = sourcecode.c.h; path = MyTableViewController.h; sourceTree = "<group>"; };
		1885E3211947FC3600B651DD /* MyTableViewController.m */ = {isa = PBXFileReference; fileEncoding = 4; lastKnownFileType = sourcecode.c.objc; path = MyTableViewController.m; sourceTree = "<group>"; };
		1885E3261947FEAA00B651DD /* ColorViewController.h */ = {isa = PBXFileReference; fileEncoding = 4; lastKnownFileType = sourcecode.c.h; path = ColorViewController.h; sourceTree = "<group>"; };
		1885E3271947FEAA00B651DD /* ColorViewController.m */ = {isa = PBXFileReference; fileEncoding = 4; lastKnownFileType = sourcecode.c.objc; path = ColorViewController.m; sourceTree = "<group>"; };
		1885E3291948058200B651DD /* MyPushViewController.h */ = {isa = PBXFileReference; fileEncoding = 4; lastKnownFileType = sourcecode.c.h; path = MyPushViewController.h; sourceTree = "<group>"; };
		1885E32A1948058200B651DD /* MyPushViewController.m */ = {isa = PBXFileReference; fileEncoding = 4; lastKnownFileType = sourcecode.c.objc; path = MyPushViewController.m; sourceTree = "<group>"; };
		1885E32C1948097500B651DD /* MyCalViewController.h */ = {isa = PBXFileReference; fileEncoding = 4; lastKnownFileType = sourcecode.c.h; path = MyCalViewController.h; sourceTree = "<group>"; };
		1885E32D1948097500B651DD /* MyCalViewController.m */ = {isa = PBXFileReference; fileEncoding = 4; lastKnownFileType = sourcecode.c.objc; path = MyCalViewController.m; sourceTree = "<group>"; };
/* End PBXFileReference section */

/* Begin PBXFrameworksBuildPhase section */
		1885E2E51947FA4E00B651DD /* Frameworks */ = {
			isa = PBXFrameworksBuildPhase;
			buildActionMask = 2147483647;
			files = (
				1885E2EE1947FA4E00B651DD /* CoreGraphics.framework in Frameworks */,
				1885E2F01947FA4E00B651DD /* UIKit.framework in Frameworks */,
				1885E2EC1947FA4E00B651DD /* Foundation.framework in Frameworks */,
			);
			runOnlyForDeploymentPostprocessing = 0;
		};
		1885E3001947FA4E00B651DD /* Frameworks */ = {
			isa = PBXFrameworksBuildPhase;
			buildActionMask = 2147483647;
			files = (
				1885E3051947FA4E00B651DD /* XCTest.framework in Frameworks */,
				1885E3071947FA4E00B651DD /* UIKit.framework in Frameworks */,
				1885E3061947FA4E00B651DD /* Foundation.framework in Frameworks */,
			);
			runOnlyForDeploymentPostprocessing = 0;
		};
/* End PBXFrameworksBuildPhase section */

/* Begin PBXGroup section */
		1885E2DF1947FA4D00B651DD = {
			isa = PBXGroup;
			children = (
				1885E2F11947FA4E00B651DD /* MyDemo */,
				1885E30A1947FA4E00B651DD /* MyDemoTests */,
				1885E2EA1947FA4E00B651DD /* Frameworks */,
				1885E2E91947FA4E00B651DD /* Products */,
			);
			sourceTree = "<group>";
		};
		1885E2E91947FA4E00B651DD /* Products */ = {
			isa = PBXGroup;
			children = (
				1885E2E81947FA4E00B651DD /* MyDemo.app */,
				1885E3031947FA4E00B651DD /* MyDemoTests.xctest */,
			);
			name = Products;
			sourceTree = "<group>";
		};
		1885E2EA1947FA4E00B651DD /* Frameworks */ = {
			isa = PBXGroup;
			children = (
				1885E2EB1947FA4E00B651DD /* Foundation.framework */,
				1885E2ED1947FA4E00B651DD /* CoreGraphics.framework */,
				1885E2EF1947FA4E00B651DD /* UIKit.framework */,
				1885E3041947FA4E00B651DD /* XCTest.framework */,
			);
			name = Frameworks;
			sourceTree = "<group>";
		};
		1885E2F11947FA4E00B651DD /* MyDemo */ = {
			isa = PBXGroup;
			children = (
				1885E2FA1947FA4E00B651DD /* MyAppDelegate.h */,
				1885E2FB1947FA4E00B651DD /* MyAppDelegate.m */,
				1885E31D1947FB9700B651DD /* MyNavigationViewController.h */,
				1885E31E1947FB9700B651DD /* MyNavigationViewController.m */,
				1885E3201947FC3600B651DD /* MyTableViewController.h */,
				1885E3211947FC3600B651DD /* MyTableViewController.m */,
				1885E3261947FEAA00B651DD /* ColorViewController.h */,
				1885E3271947FEAA00B651DD /* ColorViewController.m */,
				1885E3291948058200B651DD /* MyPushViewController.h */,
				1885E32A1948058200B651DD /* MyPushViewController.m */,
				1885E32C1948097500B651DD /* MyCalViewController.h */,
				1885E32D1948097500B651DD /* MyCalViewController.m */,
				1885E2FD1947FA4E00B651DD /* Images.xcassets */,
				1885E2F21947FA4E00B651DD /* Supporting Files */,
			);
			path = MyDemo;
			sourceTree = "<group>";
		};
		1885E2F21947FA4E00B651DD /* Supporting Files */ = {
			isa = PBXGroup;
			children = (
				1885E2F31947FA4E00B651DD /* MyDemo-Info.plist */,
				1885E2F41947FA4E00B651DD /* InfoPlist.strings */,
				1885E2F71947FA4E00B651DD /* main.m */,
				1885E2F91947FA4E00B651DD /* MyDemo-Prefix.pch */,
			);
			name = "Supporting Files";
			sourceTree = "<group>";
		};
		1885E30A1947FA4E00B651DD /* MyDemoTests */ = {
			isa = PBXGroup;
			children = (
				1885E3101947FA4E00B651DD /* MyDemoTests.m */,
				1885E30B1947FA4E00B651DD /* Supporting Files */,
			);
			path = MyDemoTests;
			sourceTree = "<group>";
		};
		1885E30B1947FA4E00B651DD /* Supporting Files */ = {
			isa = PBXGroup;
			children = (
				1885E30C1947FA4E00B651DD /* MyDemoTests-Info.plist */,
				1885E30D1947FA4E00B651DD /* InfoPlist.strings */,
			);
			name = "Supporting Files";
			sourceTree = "<group>";
		};
/* End PBXGroup section */

/* Begin PBXNativeTarget section */
		1885E2E71947FA4E00B651DD /* MyDemo */ = {
			isa = PBXNativeTarget;
			buildConfigurationList = 1885E3141947FA4E00B651DD /* Build configuration list for PBXNativeTarget "MyDemo" */;
			buildPhases = (
				1885E2E41947FA4E00B651DD /* Sources */,
				1885E2E51947FA4E00B651DD /* Frameworks */,
				1885E2E61947FA4E00B651DD /* Resources */,
			);
			buildRules = (
			);
			dependencies = (
			);
			name = MyDemo;
			productName = MyDemo;
			productReference = 1885E2E81947FA4E00B651DD /* MyDemo.app */;
			productType = "com.apple.product-type.application";
		};
		1885E3021947FA4E00B651DD /* MyDemoTests */ = {
			isa = PBXNativeTarget;
			buildConfigurationList = 1885E3171947FA4E00B651DD /* Build configuration list for PBXNativeTarget "MyDemoTests" */;
			buildPhases = (
				1885E2FF1947FA4E00B651DD /* Sources */,
				1885E3001947FA4E00B651DD /* Frameworks */,
				1885E3011947FA4E00B651DD /* Resources */,
			);
			buildRules = (
			);
			dependencies = (
				1885E3091947FA4E00B651DD /* PBXTargetDependency */,
			);
			name = MyDemoTests;
			productName = MyDemoTests;
			productReference = 1885E3031947FA4E00B651DD /* MyDemoTests.xctest */;
			productType = "com.apple.product-type.bundle.unit-test";
		};
/* End PBXNativeTarget section */

/* Begin PBXProject section */
		1885E2E01947FA4E00B651DD /* Project object */ = {
			isa = PBXProject;
			attributes = {
				CLASSPREFIX = My;
				LastUpgradeCheck = 0510;
				ORGANIZATIONNAME = sky;
				TargetAttributes = {
					1885E3021947FA4E00B651DD = {
						TestTargetID = 1885E2E71947FA4E00B651DD;
					};
				};
			};
			buildConfigurationList = 1885E2E31947FA4E00B651DD /* Build configuration list for PBXProject "MyDemo" */;
			compatibilityVersion = "Xcode 3.2";
			developmentRegion = English;
			hasScannedForEncodings = 0;
			knownRegions = (
				en,
			);
			mainGroup = 1885E2DF1947FA4D00B651DD;
			productRefGroup = 1885E2E91947FA4E00B651DD /* Products */;
			projectDirPath = "";
			projectRoot = "";
			targets = (
				1885E2E71947FA4E00B651DD /* MyDemo */,
				1885E3021947FA4E00B651DD /* MyDemoTests */,
			);
		};
/* End PBXProject section */

/* Begin PBXResourcesBuildPhase section */
		1885E2E61947FA4E00B651DD /* Resources */ = {
			isa = PBXResourcesBuildPhase;
			buildActionMask = 2147483647;
			files = (
				1885E2F61947FA4E00B651DD /* InfoPlist.strings in Resources */,
				1885E2FE1947FA4E00B651DD /* Images.xcassets in Resources */,
			);
			runOnlyForDeploymentPostprocessing = 0;
		};
		1885E3011947FA4E00B651DD /* Resources */ = {
			isa = PBXResourcesBuildPhase;
			buildActionMask = 2147483647;
			files = (
				1885E30F1947FA4E00B651DD /* InfoPlist.strings in Resources */,
			);
			runOnlyForDeploymentPostprocessing = 0;
		};
/* End PBXResourcesBuildPhase section */

/* Begin PBXSourcesBuildPhase section */
		1885E2E41947FA4E00B651DD /* Sources */ = {
			isa = PBXSourcesBuildPhase;
			buildActionMask = 2147483647;
			files = (
				1885E2FC1947FA4E00B651DD /* MyAppDelegate.m in Sources */,
				1885E32E1948097500B651DD /* MyCalViewController.m in Sources */,
				1885E3281947FEAA00B651DD /* ColorViewController.m in Sources */,
				1885E2F81947FA4E00B651DD /* main.m in Sources */,
				1885E31F1947FB9700B651DD /* MyNavigationViewController.m in Sources */,
				1885E32B1948058200B651DD /* MyPushViewController.m in Sources */,
				1885E3221947FC3600B651DD /* MyTableViewController.m in Sources */,
			);
			runOnlyForDeploymentPostprocessing = 0;
		};
		1885E2FF1947FA4E00B651DD /* Sources */ = {
			isa = PBXSourcesBuildPhase;
			buildActionMask = 2147483647;
			files = (
				1885E3111947FA4E00B651DD /* MyDemoTests.m in Sources */,
			);
			runOnlyForDeploymentPostprocessing = 0;
		};
/* End PBXSourcesBuildPhase section */

/* Begin PBXTargetDependency section */
		1885E3091947FA4E00B651DD /* PBXTargetDependency */ = {
			isa = PBXTargetDependency;
			target = 1885E2E71947FA4E00B651DD /* MyDemo */;
			targetProxy = 1885E3081947FA4E00B651DD /* PBXContainerItemProxy */;
		};
/* End PBXTargetDependency section */

/* Begin PBXVariantGroup section */
		1885E2F41947FA4E00B651DD /* InfoPlist.strings */ = {
			isa = PBXVariantGroup;
			children = (
				1885E2F51947FA4E00B651DD /* en */,
			);
			name = InfoPlist.strings;
			sourceTree = "<group>";
		};
		1885E30D1947FA4E00B651DD /* InfoPlist.strings */ = {
			isa = PBXVariantGroup;
			children = (
				1885E30E1947FA4E00B651DD /* en */,
			);
			name = InfoPlist.strings;
			sourceTree = "<group>";
		};
/* End PBXVariantGroup section */

/* Begin XCBuildConfiguration section */
		1885E3121947FA4E00B651DD /* Debug */ = {
			isa = XCBuildConfiguration;
			buildSettings = {
				ALWAYS_SEARCH_USER_PATHS = NO;
				CLANG_CXX_LANGUAGE_STANDARD = "gnu++0x";
				CLANG_CXX_LIBRARY = "libc++";
				CLANG_ENABLE_MODULES = YES;
				CLANG_ENABLE_OBJC_ARC = NO;
				CLANG_WARN_BOOL_CONVERSION = YES;
				CLANG_WARN_CONSTANT_CONVERSION = YES;
				CLANG_WARN_DIRECT_OBJC_ISA_USAGE = YES_ERROR;
				CLANG_WARN_EMPTY_BODY = YES;
				CLANG_WARN_ENUM_CONVERSION = YES;
				CLANG_WARN_INT_CONVERSION = YES;
				CLANG_WARN_OBJC_ROOT_CLASS = YES_ERROR;
				CLANG_WARN__DUPLICATE_METHOD_MATCH = YES;
				"CODE_SIGN_IDENTITY[sdk=iphoneos*]" = "iPhone Developer";
				COPY_PHASE_STRIP = NO;
				GCC_C_LANGUAGE_STANDARD = gnu99;
				GCC_DYNAMIC_NO_PIC = NO;
				GCC_OPTIMIZATION_LEVEL = 0;
				GCC_PREPROCESSOR_DEFINITIONS = (
					"DEBUG=1",
					"$(inherited)",
				);
				GCC_SYMBOLS_PRIVATE_EXTERN = NO;
				GCC_WARN_64_TO_32_BIT_CONVERSION = YES;
				GCC_WARN_ABOUT_RETURN_TYPE = YES_ERROR;
				GCC_WARN_UNDECLARED_SELECTOR = YES;
				GCC_WARN_UNINITIALIZED_AUTOS = YES_AGGRESSIVE;
				GCC_WARN_UNUSED_FUNCTION = YES;
				GCC_WARN_UNUSED_VARIABLE = YES;
				IPHONEOS_DEPLOYMENT_TARGET = 7.1;
				ONLY_ACTIVE_ARCH = YES;
				SDKROOT = iphoneos;
			};
			name = Debug;
		};
		1885E3131947FA4E00B651DD /* Release */ = {
			isa = XCBuildConfiguration;
			buildSettings = {
				ALWAYS_SEARCH_USER_PATHS = NO;
				CLANG_CXX_LANGUAGE_STANDARD = "gnu++0x";
				CLANG_CXX_LIBRARY = "libc++";
				CLANG_ENABLE_MODULES = YES;
				CLANG_ENABLE_OBJC_ARC = NO;
				CLANG_WARN_BOOL_CONVERSION = YES;
				CLANG_WARN_CONSTANT_CONVERSION = YES;
				CLANG_WARN_DIRECT_OBJC_ISA_USAGE = YES_ERROR;
				CLANG_WARN_EMPTY_BODY = YES;
				CLANG_WARN_ENUM_CONVERSION = YES;
				CLANG_WARN_INT_CONVERSION = YES;
				CLANG_WARN_OBJC_ROOT_CLASS = YES_ERROR;
				CLANG_WARN__DUPLICATE_METHOD_MATCH = YES;
				"CODE_SIGN_IDENTITY[sdk=iphoneos*]" = "iPhone Developer";
				COPY_PHASE_STRIP = YES;
				ENABLE_NS_ASSERTIONS = NO;
				GCC_C_LANGUAGE_STANDARD = gnu99;
				GCC_WARN_64_TO_32_BIT_CONVERSION = YES;
				GCC_WARN_ABOUT_RETURN_TYPE = YES_ERROR;
				GCC_WARN_UNDECLARED_SELECTOR = YES;
				GCC_WARN_UNINITIALIZED_AUTOS = YES_AGGRESSIVE;
				GCC_WARN_UNUSED_FUNCTION = YES;
				GCC_WARN_UNUSED_VARIABLE = YES;
				IPHONEOS_DEPLOYMENT_TARGET = 7.1;
				SDKROOT = iphoneos;
				VALIDATE_PRODUCT = YES;
			};
			name = Release;
		};
		1885E3151947FA4E00B651DD /* Debug */ = {
			isa = XCBuildConfiguration;
			buildSettings = {
				ASSETCATALOG_COMPILER_APPICON_NAME = AppIcon;
				ASSETCATALOG_COMPILER_LAUNCHIMAGE_NAME = LaunchImage;
				GCC_PRECOMPILE_PREFIX_HEADER = YES;
				GCC_PREFIX_HEADER = "MyDemo/MyDemo-Prefix.pch";
				INFOPLIST_FILE = "MyDemo/MyDemo-Info.plist";
				PRODUCT_NAME = "$(TARGET_NAME)";
				WRAPPER_EXTENSION = app;
			};
			name = Debug;
		};
		1885E3161947FA4E00B651DD /* Release */ = {
			isa = XCBuildConfiguration;
			buildSettings = {
				ASSETCATALOG_COMPILER_APPICON_NAME = AppIcon;
				ASSETCATALOG_COMPILER_LAUNCHIMAGE_NAME = LaunchImage;
				GCC_PRECOMPILE_PREFIX_HEADER = YES;
				GCC_PREFIX_HEADER = "MyDemo/MyDemo-Prefix.pch";
				INFOPLIST_FILE = "MyDemo/MyDemo-Info.plist";
				PRODUCT_NAME = "$(TARGET_NAME)";
				WRAPPER_EXTENSION = app;
			};
			name = Release;
		};
		1885E3181947FA4E00B651DD /* Debug */ = {
			isa = XCBuildConfiguration;
			buildSettings = {
				BUNDLE_LOADER = "$(BUILT_PRODUCTS_DIR)/MyDemo.app/MyDemo";
				FRAMEWORK_SEARCH_PATHS = (
					"$(SDKROOT)/Developer/Library/Frameworks",
					"$(inherited)",
					"$(DEVELOPER_FRAMEWORKS_DIR)",
				);
				GCC_PRECOMPILE_PREFIX_HEADER = YES;
				GCC_PREFIX_HEADER = "MyDemo/MyDemo-Prefix.pch";
				GCC_PREPROCESSOR_DEFINITIONS = (
					"DEBUG=1",
					"$(inherited)",
				);
				INFOPLIST_FILE = "MyDemoTests/MyDemoTests-Info.plist";
				PRODUCT_NAME = "$(TARGET_NAME)";
				TEST_HOST = "$(BUNDLE_LOADER)";
				WRAPPER_EXTENSION = xctest;
			};
			name = Debug;
		};
		1885E3191947FA4E00B651DD /* Release */ = {
			isa = XCBuildConfiguration;
			buildSettings = {
				BUNDLE_LOADER = "$(BUILT_PRODUCTS_DIR)/MyDemo.app/MyDemo";
				FRAMEWORK_SEARCH_PATHS = (
					"$(SDKROOT)/Developer/Library/Frameworks",
					"$(inherited)",
					"$(DEVELOPER_FRAMEWORKS_DIR)",
				);
				GCC_PRECOMPILE_PREFIX_HEADER = YES;
				GCC_PREFIX_HEADER = "MyDemo/MyDemo-Prefix.pch";
				INFOPLIST_FILE = "MyDemoTests/MyDemoTests-Info.plist";
				PRODUCT_NAME = "$(TARGET_NAME)";
				TEST_HOST = "$(BUNDLE_LOADER)";
				WRAPPER_EXTENSION = xctest;
			};
			name = Release;
		};
/* End XCBuildConfiguration section */

/* Begin XCConfigurationList section */
		1885E2E31947FA4E00B651DD /* Build configuration list for PBXProject "MyDemo" */ = {
			isa = XCConfigurationList;
			buildConfigurations = (
				1885E3121947FA4E00B651DD /* Debug */,
				1885E3131947FA4E00B651DD /* Release */,
			);
			defaultConfigurationIsVisible = 0;
			defaultConfigurationName = Release;
		};
		1885E3141947FA4E00B651DD /* Build configuration list for PBXNativeTarget "MyDemo" */ = {
			isa = XCConfigurationList;
			buildConfigurations = (
				1885E3151947FA4E00B651DD /* Debug */,
				1885E3161947FA4E00B651DD /* Release */,
			);
			defaultConfigurationIsVisible = 0;
			defaultConfigurationName = Release;
		};
		1885E3171947FA4E00B651DD /* Build configuration list for PBXNativeTarget "MyDemoTests" */ = {
			isa = XCConfigurationList;
			buildConfigurations = (
				1885E3181947FA4E00B651DD /* Debug */,
				1885E3191947FA4E00B651DD /* Release */,
			);
			defaultConfigurationIsVisible = 0;
			defaultConfigurationName = Release;
		};
/* End XCConfigurationList section */
	};
	rootObject = 1885E2E01947FA4E00B651DD /* Project object */;
}
