// !$*UTF8*$!
{
	archiveVersion = 1;
	classes = {
	};
	objectVersion = 46;
	objects = {

/* Begin PBXBuildFile section */
		18AA48891976AA7B00B9C5BE /* Foundation.framework in Frameworks */ = {isa = PBXBuildFile; fileRef = 18AA48881976AA7B00B9C5BE /* Foundation.framework */; };
		18AA488B1976AA7B00B9C5BE /* CoreGraphics.framework in Frameworks */ = {isa = PBXBuildFile; fileRef = 18AA488A1976AA7B00B9C5BE /* CoreGraphics.framework */; };
		18AA488D1976AA7B00B9C5BE /* UIKit.framework in Frameworks */ = {isa = PBXBuildFile; fileRef = 18AA488C1976AA7B00B9C5BE /* UIKit.framework */; };
		18AA48931976AA7B00B9C5BE /* InfoPlist.strings in Resources */ = {isa = PBXBuildFile; fileRef = 18AA48911976AA7B00B9C5BE /* InfoPlist.strings */; };
		18AA48951976AA7B00B9C5BE /* main.m in Sources */ = {isa = PBXBuildFile; fileRef = 18AA48941976AA7B00B9C5BE /* main.m */; };
		18AA48991976AA7B00B9C5BE /* AppDelegate.m in Sources */ = {isa = PBXBuildFile; fileRef = 18AA48981976AA7B00B9C5BE /* AppDelegate.m */; };
		18AA489B1976AA7B00B9C5BE /* Images.xcassets in Resources */ = {isa = PBXBuildFile; fileRef = 18AA489A1976AA7B00B9C5BE /* Images.xcassets */; };
		18AA48A21976AA7C00B9C5BE /* XCTest.framework in Frameworks */ = {isa = PBXBuildFile; fileRef = 18AA48A11976AA7C00B9C5BE /* XCTest.framework */; };
		18AA48A31976AA7C00B9C5BE /* Foundation.framework in Frameworks */ = {isa = PBXBuildFile; fileRef = 18AA48881976AA7B00B9C5BE /* Foundation.framework */; };
		18AA48A41976AA7C00B9C5BE /* UIKit.framework in Frameworks */ = {isa = PBXBuildFile; fileRef = 18AA488C1976AA7B00B9C5BE /* UIKit.framework */; };
		18AA48AC1976AA7C00B9C5BE /* InfoPlist.strings in Resources */ = {isa = PBXBuildFile; fileRef = 18AA48AA1976AA7C00B9C5BE /* InfoPlist.strings */; };
		18AA48AE1976AA7C00B9C5BE /* testTests.m in Sources */ = {isa = PBXBuildFile; fileRef = 18AA48AD1976AA7C00B9C5BE /* testTests.m */; };
/* End PBXBuildFile section */

/* Begin PBXContainerItemProxy section */
		18AA48A51976AA7C00B9C5BE /* PBXContainerItemProxy */ = {
			isa = PBXContainerItemProxy;
			containerPortal = 18AA487D1976AA7B00B9C5BE /* Project object */;
			proxyType = 1;
			remoteGlobalIDString = 18AA48841976AA7B00B9C5BE;
			remoteInfo = test;
		};
/* End PBXContainerItemProxy section */

/* Begin PBXFileReference section */
		18AA48851976AA7B00B9C5BE /* test.app */ = {isa = PBXFileReference; explicitFileType = wrapper.application; includeInIndex = 0; path = test.app; sourceTree = BUILT_PRODUCTS_DIR; };
		18AA48881976AA7B00B9C5BE /* Foundation.framework */ = {isa = PBXFileReference; lastKnownFileType = wrapper.framework; name = Foundation.framework; path = System/Library/Frameworks/Foundation.framework; sourceTree = SDKROOT; };
		18AA488A1976AA7B00B9C5BE /* CoreGraphics.framework */ = {isa = PBXFileReference; lastKnownFileType = wrapper.framework; name = CoreGraphics.framework; path = System/Library/Frameworks/CoreGraphics.framework; sourceTree = SDKROOT; };
		18AA488C1976AA7B00B9C5BE /* UIKit.framework */ = {isa = PBXFileReference; lastKnownFileType = wrapper.framework; name = UIKit.framework; path = System/Library/Frameworks/UIKit.framework; sourceTree = SDKROOT; };
		18AA48901976AA7B00B9C5BE /* test-Info.plist */ = {isa = PBXFileReference; lastKnownFileType = text.plist.xml; path = "test-Info.plist"; sourceTree = "<group>"; };
		18AA48921976AA7B00B9C5BE /* en */ = {isa = PBXFileReference; lastKnownFileType = text.plist.strings; name = en; path = en.lproj/InfoPlist.strings; sourceTree = "<group>"; };
		18AA48941976AA7B00B9C5BE /* main.m */ = {isa = PBXFileReference; lastKnownFileType = sourcecode.c.objc; path = main.m; sourceTree = "<group>"; };
		18AA48961976AA7B00B9C5BE /* test-Prefix.pch */ = {isa = PBXFileReference; lastKnownFileType = sourcecode.c.h; path = "test-Prefix.pch"; sourceTree = "<group>"; };
		18AA48971976AA7B00B9C5BE /* AppDelegate.h */ = {isa = PBXFileReference; lastKnownFileType = sourcecode.c.h; path = AppDelegate.h; sourceTree = "<group>"; };
		18AA48981976AA7B00B9C5BE /* AppDelegate.m */ = {isa = PBXFileReference; lastKnownFileType = sourcecode.c.objc; path = AppDelegate.m; sourceTree = "<group>"; };
		18AA489A1976AA7B00B9C5BE /* Images.xcassets */ = {isa = PBXFileReference; lastKnownFileType = folder.assetcatalog; path = Images.xcassets; sourceTree = "<group>"; };
		18AA48A01976AA7C00B9C5BE /* testTests.xctest */ = {isa = PBXFileReference; explicitFileType = wrapper.cfbundle; includeInIndex = 0; path = testTests.xctest; sourceTree = BUILT_PRODUCTS_DIR; };
		18AA48A11976AA7C00B9C5BE /* XCTest.framework */ = {isa = PBXFileReference; lastKnownFileType = wrapper.framework; name = XCTest.framework; path = Library/Frameworks/XCTest.framework; sourceTree = DEVELOPER_DIR; };
		18AA48A91976AA7C00B9C5BE /* testTests-Info.plist */ = {isa = PBXFileReference; lastKnownFileType = text.plist.xml; path = "testTests-Info.plist"; sourceTree = "<group>"; };
		18AA48AB1976AA7C00B9C5BE /* en */ = {isa = PBXFileReference; lastKnownFileType = text.plist.strings; name = en; path = en.lproj/InfoPlist.strings; sourceTree = "<group>"; };
		18AA48AD1976AA7C00B9C5BE /* testTests.m */ = {isa = PBXFileReference; lastKnownFileType = sourcecode.c.objc; path = testTests.m; sourceTree = "<group>"; };
/* End PBXFileReference section */

/* Begin PBXFrameworksBuildPhase section */
		18AA48821976AA7B00B9C5BE /* Frameworks */ = {
			isa = PBXFrameworksBuildPhase;
			buildActionMask = 2147483647;
			files = (
				18AA488B1976AA7B00B9C5BE /* CoreGraphics.framework in Frameworks */,
				18AA488D1976AA7B00B9C5BE /* UIKit.framework in Frameworks */,
				18AA48891976AA7B00B9C5BE /* Foundation.framework in Frameworks */,
			);
			runOnlyForDeploymentPostprocessing = 0;
		};
		18AA489D1976AA7C00B9C5BE /* Frameworks */ = {
			isa = PBXFrameworksBuildPhase;
			buildActionMask = 2147483647;
			files = (
				18AA48A21976AA7C00B9C5BE /* XCTest.framework in Frameworks */,
				18AA48A41976AA7C00B9C5BE /* UIKit.framework in Frameworks */,
				18AA48A31976AA7C00B9C5BE /* Foundation.framework in Frameworks */,
			);
			runOnlyForDeploymentPostprocessing = 0;
		};
/* End PBXFrameworksBuildPhase section */

/* Begin PBXGroup section */
		18AA487C1976AA7B00B9C5BE = {
			isa = PBXGroup;
			children = (
				18AA488E1976AA7B00B9C5BE /* test */,
				18AA48A71976AA7C00B9C5BE /* testTests */,
				18AA48871976AA7B00B9C5BE /* Frameworks */,
				18AA48861976AA7B00B9C5BE /* Products */,
			);
			sourceTree = "<group>";
		};
		18AA48861976AA7B00B9C5BE /* Products */ = {
			isa = PBXGroup;
			children = (
				18AA48851976AA7B00B9C5BE /* test.app */,
				18AA48A01976AA7C00B9C5BE /* testTests.xctest */,
			);
			name = Products;
			sourceTree = "<group>";
		};
		18AA48871976AA7B00B9C5BE /* Frameworks */ = {
			isa = PBXGroup;
			children = (
				18AA48881976AA7B00B9C5BE /* Foundation.framework */,
				18AA488A1976AA7B00B9C5BE /* CoreGraphics.framework */,
				18AA488C1976AA7B00B9C5BE /* UIKit.framework */,
				18AA48A11976AA7C00B9C5BE /* XCTest.framework */,
			);
			name = Frameworks;
			sourceTree = "<group>";
		};
		18AA488E1976AA7B00B9C5BE /* test */ = {
			isa = PBXGroup;
			children = (
				18AA48971976AA7B00B9C5BE /* AppDelegate.h */,
				18AA48981976AA7B00B9C5BE /* AppDelegate.m */,
				18AA489A1976AA7B00B9C5BE /* Images.xcassets */,
				18AA488F1976AA7B00B9C5BE /* Supporting Files */,
			);
			path = test;
			sourceTree = "<group>";
		};
		18AA488F1976AA7B00B9C5BE /* Supporting Files */ = {
			isa = PBXGroup;
			children = (
				18AA48901976AA7B00B9C5BE /* test-Info.plist */,
				18AA48911976AA7B00B9C5BE /* InfoPlist.strings */,
				18AA48941976AA7B00B9C5BE /* main.m */,
				18AA48961976AA7B00B9C5BE /* test-Prefix.pch */,
			);
			name = "Supporting Files";
			sourceTree = "<group>";
		};
		18AA48A71976AA7C00B9C5BE /* testTests */ = {
			isa = PBXGroup;
			children = (
				18AA48AD1976AA7C00B9C5BE /* testTests.m */,
				18AA48A81976AA7C00B9C5BE /* Supporting Files */,
			);
			path = testTests;
			sourceTree = "<group>";
		};
		18AA48A81976AA7C00B9C5BE /* Supporting Files */ = {
			isa = PBXGroup;
			children = (
				18AA48A91976AA7C00B9C5BE /* testTests-Info.plist */,
				18AA48AA1976AA7C00B9C5BE /* InfoPlist.strings */,
			);
			name = "Supporting Files";
			sourceTree = "<group>";
		};
/* End PBXGroup section */

/* Begin PBXNativeTarget section */
		18AA48841976AA7B00B9C5BE /* test */ = {
			isa = PBXNativeTarget;
			buildConfigurationList = 18AA48B11976AA7C00B9C5BE /* Build configuration list for PBXNativeTarget "test" */;
			buildPhases = (
				18AA48811976AA7B00B9C5BE /* Sources */,
				18AA48821976AA7B00B9C5BE /* Frameworks */,
				18AA48831976AA7B00B9C5BE /* Resources */,
			);
			buildRules = (
			);
			dependencies = (
			);
			name = test;
			productName = test;
			productReference = 18AA48851976AA7B00B9C5BE /* test.app */;
			productType = "com.apple.product-type.application";
		};
		18AA489F1976AA7C00B9C5BE /* testTests */ = {
			isa = PBXNativeTarget;
			buildConfigurationList = 18AA48B41976AA7C00B9C5BE /* Build configuration list for PBXNativeTarget "testTests" */;
			buildPhases = (
				18AA489C1976AA7C00B9C5BE /* Sources */,
				18AA489D1976AA7C00B9C5BE /* Frameworks */,
				18AA489E1976AA7C00B9C5BE /* Resources */,
			);
			buildRules = (
			);
			dependencies = (
				18AA48A61976AA7C00B9C5BE /* PBXTargetDependency */,
			);
			name = testTests;
			productName = testTests;
			productReference = 18AA48A01976AA7C00B9C5BE /* testTests.xctest */;
			productType = "com.apple.product-type.bundle.unit-test";
		};
/* End PBXNativeTarget section */

/* Begin PBXProject section */
		18AA487D1976AA7B00B9C5BE /* Project object */ = {
			isa = PBXProject;
			attributes = {
				LastUpgradeCheck = 0510;
				ORGANIZATIONNAME = sky;
				TargetAttributes = {
					18AA489F1976AA7C00B9C5BE = {
						TestTargetID = 18AA48841976AA7B00B9C5BE;
					};
				};
			};
			buildConfigurationList = 18AA48801976AA7B00B9C5BE /* Build configuration list for PBXProject "test" */;
			compatibilityVersion = "Xcode 3.2";
			developmentRegion = English;
			hasScannedForEncodings = 0;
			knownRegions = (
				en,
			);
			mainGroup = 18AA487C1976AA7B00B9C5BE;
			productRefGroup = 18AA48861976AA7B00B9C5BE /* Products */;
			projectDirPath = "";
			projectRoot = "";
			targets = (
				18AA48841976AA7B00B9C5BE /* test */,
				18AA489F1976AA7C00B9C5BE /* testTests */,
			);
		};
/* End PBXProject section */

/* Begin PBXResourcesBuildPhase section */
		18AA48831976AA7B00B9C5BE /* Resources */ = {
			isa = PBXResourcesBuildPhase;
			buildActionMask = 2147483647;
			files = (
				18AA48931976AA7B00B9C5BE /* InfoPlist.strings in Resources */,
				18AA489B1976AA7B00B9C5BE /* Images.xcassets in Resources */,
			);
			runOnlyForDeploymentPostprocessing = 0;
		};
		18AA489E1976AA7C00B9C5BE /* Resources */ = {
			isa = PBXResourcesBuildPhase;
			buildActionMask = 2147483647;
			files = (
				18AA48AC1976AA7C00B9C5BE /* InfoPlist.strings in Resources */,
			);
			runOnlyForDeploymentPostprocessing = 0;
		};
/* End PBXResourcesBuildPhase section */

/* Begin PBXSourcesBuildPhase section */
		18AA48811976AA7B00B9C5BE /* Sources */ = {
			isa = PBXSourcesBuildPhase;
			buildActionMask = 2147483647;
			files = (
				18AA48991976AA7B00B9C5BE /* AppDelegate.m in Sources */,
				18AA48951976AA7B00B9C5BE /* main.m in Sources */,
			);
			runOnlyForDeploymentPostprocessing = 0;
		};
		18AA489C1976AA7C00B9C5BE /* Sources */ = {
			isa = PBXSourcesBuildPhase;
			buildActionMask = 2147483647;
			files = (
				18AA48AE1976AA7C00B9C5BE /* testTests.m in Sources */,
			);
			runOnlyForDeploymentPostprocessing = 0;
		};
/* End PBXSourcesBuildPhase section */

/* Begin PBXTargetDependency section */
		18AA48A61976AA7C00B9C5BE /* PBXTargetDependency */ = {
			isa = PBXTargetDependency;
			target = 18AA48841976AA7B00B9C5BE /* test */;
			targetProxy = 18AA48A51976AA7C00B9C5BE /* PBXContainerItemProxy */;
		};
/* End PBXTargetDependency section */

/* Begin PBXVariantGroup section */
		18AA48911976AA7B00B9C5BE /* InfoPlist.strings */ = {
			isa = PBXVariantGroup;
			children = (
				18AA48921976AA7B00B9C5BE /* en */,
			);
			name = InfoPlist.strings;
			sourceTree = "<group>";
		};
		18AA48AA1976AA7C00B9C5BE /* InfoPlist.strings */ = {
			isa = PBXVariantGroup;
			children = (
				18AA48AB1976AA7C00B9C5BE /* en */,
			);
			name = InfoPlist.strings;
			sourceTree = "<group>";
		};
/* End PBXVariantGroup section */

/* Begin XCBuildConfiguration section */
		18AA48AF1976AA7C00B9C5BE /* Debug */ = {
			isa = XCBuildConfiguration;
			buildSettings = {
				ALWAYS_SEARCH_USER_PATHS = NO;
				CLANG_CXX_LANGUAGE_STANDARD = "gnu++0x";
				CLANG_CXX_LIBRARY = "libc++";
				CLANG_ENABLE_MODULES = YES;
				CLANG_ENABLE_OBJC_ARC = YES;
				CLANG_WARN_BOOL_CONVERSION = YES;
				CLANG_WARN_CONSTANT_CONVERSION = YES;
				CLANG_WARN_DIRECT_OBJC_ISA_USAGE = YES_ERROR;
				CLANG_WARN_EMPTY_BODY = YES;
				CLANG_WARN_ENUM_CONVERSION = YES;
				CLANG_WARN_INT_CONVERSION = YES;
				CLANG_WARN_OBJC_ROOT_CLASS = YES_ERROR;
				CLANG_WARN__DUPLICATE_METHOD_MATCH = YES;
				"CODE_SIGN_IDENTITY[sdk=iphoneos*]" = "iPhone Developer";
				COPY_PHASE_STRIP = NO;
				GCC_C_LANGUAGE_STANDARD = gnu99;
				GCC_DYNAMIC_NO_PIC = NO;
				GCC_OPTIMIZATION_LEVEL = 0;
				GCC_PREPROCESSOR_DEFINITIONS = (
					"DEBUG=1",
					"$(inherited)",
				);
				GCC_SYMBOLS_PRIVATE_EXTERN = NO;
				GCC_WARN_64_TO_32_BIT_CONVERSION = YES;
				GCC_WARN_ABOUT_RETURN_TYPE = YES_ERROR;
				GCC_WARN_UNDECLARED_SELECTOR = YES;
				GCC_WARN_UNINITIALIZED_AUTOS = YES_AGGRESSIVE;
				GCC_WARN_UNUSED_FUNCTION = YES;
				GCC_WARN_UNUSED_VARIABLE = YES;
				IPHONEOS_DEPLOYMENT_TARGET = 7.1;
				ONLY_ACTIVE_ARCH = YES;
				SDKROOT = iphoneos;
			};
			name = Debug;
		};
		18AA48B01976AA7C00B9C5BE /* Release */ = {
			isa = XCBuildConfiguration;
			buildSettings = {
				ALWAYS_SEARCH_USER_PATHS = NO;
				CLANG_CXX_LANGUAGE_STANDARD = "gnu++0x";
				CLANG_CXX_LIBRARY = "libc++";
				CLANG_ENABLE_MODULES = YES;
				CLANG_ENABLE_OBJC_ARC = YES;
				CLANG_WARN_BOOL_CONVERSION = YES;
				CLANG_WARN_CONSTANT_CONVERSION = YES;
				CLANG_WARN_DIRECT_OBJC_ISA_USAGE = YES_ERROR;
				CLANG_WARN_EMPTY_BODY = YES;
				CLANG_WARN_ENUM_CONVERSION = YES;
				CLANG_WARN_INT_CONVERSION = YES;
				CLANG_WARN_OBJC_ROOT_CLASS = YES_ERROR;
				CLANG_WARN__DUPLICATE_METHOD_MATCH = YES;
				"CODE_SIGN_IDENTITY[sdk=iphoneos*]" = "iPhone Developer";
				COPY_PHASE_STRIP = YES;
				ENABLE_NS_ASSERTIONS = NO;
				GCC_C_LANGUAGE_STANDARD = gnu99;
				GCC_WARN_64_TO_32_BIT_CONVERSION = YES;
				GCC_WARN_ABOUT_RETURN_TYPE = YES_ERROR;
				GCC_WARN_UNDECLARED_SELECTOR = YES;
				GCC_WARN_UNINITIALIZED_AUTOS = YES_AGGRESSIVE;
				GCC_WARN_UNUSED_FUNCTION = YES;
				GCC_WARN_UNUSED_VARIABLE = YES;
				IPHONEOS_DEPLOYMENT_TARGET = 7.1;
				SDKROOT = iphoneos;
				VALIDATE_PRODUCT = YES;
			};
			name = Release;
		};
		18AA48B21976AA7C00B9C5BE /* Debug */ = {
			isa = XCBuildConfiguration;
			buildSettings = {
				ASSETCATALOG_COMPILER_APPICON_NAME = AppIcon;
				ASSETCATALOG_COMPILER_LAUNCHIMAGE_NAME = LaunchImage;
				GCC_PRECOMPILE_PREFIX_HEADER = YES;
				GCC_PREFIX_HEADER = "test/test-Prefix.pch";
				INFOPLIST_FILE = "test/test-Info.plist";
				PRODUCT_NAME = "$(TARGET_NAME)";
				WRAPPER_EXTENSION = app;
			};
			name = Debug;
		};
		18AA48B31976AA7C00B9C5BE /* Release */ = {
			isa = XCBuildConfiguration;
			buildSettings = {
				ASSETCATALOG_COMPILER_APPICON_NAME = AppIcon;
				ASSETCATALOG_COMPILER_LAUNCHIMAGE_NAME = LaunchImage;
				GCC_PRECOMPILE_PREFIX_HEADER = YES;
				GCC_PREFIX_HEADER = "test/test-Prefix.pch";
				INFOPLIST_FILE = "test/test-Info.plist";
				PRODUCT_NAME = "$(TARGET_NAME)";
				WRAPPER_EXTENSION = app;
			};
			name = Release;
		};
		18AA48B51976AA7C00B9C5BE /* Debug */ = {
			isa = XCBuildConfiguration;
			buildSettings = {
				BUNDLE_LOADER = "$(BUILT_PRODUCTS_DIR)/test.app/test";
				FRAMEWORK_SEARCH_PATHS = (
					"$(SDKROOT)/Developer/Library/Frameworks",
					"$(inherited)",
					"$(DEVELOPER_FRAMEWORKS_DIR)",
				);
				GCC_PRECOMPILE_PREFIX_HEADER = YES;
				GCC_PREFIX_HEADER = "test/test-Prefix.pch";
				GCC_PREPROCESSOR_DEFINITIONS = (
					"DEBUG=1",
					"$(inherited)",
				);
				INFOPLIST_FILE = "testTests/testTests-Info.plist";
				PRODUCT_NAME = "$(TARGET_NAME)";
				TEST_HOST = "$(BUNDLE_LOADER)";
				WRAPPER_EXTENSION = xctest;
			};
			name = Debug;
		};
		18AA48B61976AA7C00B9C5BE /* Release */ = {
			isa = XCBuildConfiguration;
			buildSettings = {
				BUNDLE_LOADER = "$(BUILT_PRODUCTS_DIR)/test.app/test";
				FRAMEWORK_SEARCH_PATHS = (
					"$(SDKROOT)/Developer/Library/Frameworks",
					"$(inherited)",
					"$(DEVELOPER_FRAMEWORKS_DIR)",
				);
				GCC_PRECOMPILE_PREFIX_HEADER = YES;
				GCC_PREFIX_HEADER = "test/test-Prefix.pch";
				INFOPLIST_FILE = "testTests/testTests-Info.plist";
				PRODUCT_NAME = "$(TARGET_NAME)";
				TEST_HOST = "$(BUNDLE_LOADER)";
				WRAPPER_EXTENSION = xctest;
			};
			name = Release;
		};
/* End XCBuildConfiguration section */

/* Begin XCConfigurationList section */
		18AA48801976AA7B00B9C5BE /* Build configuration list for PBXProject "test" */ = {
			isa = XCConfigurationList;
			buildConfigurations = (
				18AA48AF1976AA7C00B9C5BE /* Debug */,
				18AA48B01976AA7C00B9C5BE /* Release */,
			);
			defaultConfigurationIsVisible = 0;
			defaultConfigurationName = Release;
		};
		18AA48B11976AA7C00B9C5BE /* Build configuration list for PBXNativeTarget "test" */ = {
			isa = XCConfigurationList;
			buildConfigurations = (
				18AA48B21976AA7C00B9C5BE /* Debug */,
				18AA48B31976AA7C00B9C5BE /* Release */,
			);
			defaultConfigurationIsVisible = 0;
		};
		18AA48B41976AA7C00B9C5BE /* Build configuration list for PBXNativeTarget "testTests" */ = {
			isa = XCConfigurationList;
			buildConfigurations = (
				18AA48B51976AA7C00B9C5BE /* Debug */,
				18AA48B61976AA7C00B9C5BE /* Release */,
			);
			defaultConfigurationIsVisible = 0;
		};
/* End XCConfigurationList section */
	};
	rootObject = 18AA487D1976AA7B00B9C5BE /* Project object */;
}
