// !$*UTF8*$!
{
	archiveVersion = 1;
	classes = {
	};
	objectVersion = 46;
	objects = {

/* Begin PBXBuildFile section */
		186FD7851940395100CFE34E /* Foundation.framework in Frameworks */ = {isa = PBXBuildFile; fileRef = 186FD7841940395100CFE34E /* Foundation.framework */; };
		186FD7871940395100CFE34E /* CoreGraphics.framework in Frameworks */ = {isa = PBXBuildFile; fileRef = 186FD7861940395100CFE34E /* CoreGraphics.framework */; };
		186FD7891940395100CFE34E /* UIKit.framework in Frameworks */ = {isa = PBXBuildFile; fileRef = 186FD7881940395100CFE34E /* UIKit.framework */; };
		186FD78F1940395100CFE34E /* InfoPlist.strings in Resources */ = {isa = PBXBuildFile; fileRef = 186FD78D1940395100CFE34E /* InfoPlist.strings */; };
		186FD7911940395100CFE34E /* main.m in Sources */ = {isa = PBXBuildFile; fileRef = 186FD7901940395100CFE34E /* main.m */; };
		186FD7951940395100CFE34E /* MyAppDelegate.m in Sources */ = {isa = PBXBuildFile; fileRef = 186FD7941940395100CFE34E /* MyAppDelegate.m */; };
		186FD7971940395100CFE34E /* Images.xcassets in Resources */ = {isa = PBXBuildFile; fileRef = 186FD7961940395100CFE34E /* Images.xcassets */; };
		186FD79E1940395200CFE34E /* XCTest.framework in Frameworks */ = {isa = PBXBuildFile; fileRef = 186FD79D1940395200CFE34E /* XCTest.framework */; };
		186FD79F1940395200CFE34E /* Foundation.framework in Frameworks */ = {isa = PBXBuildFile; fileRef = 186FD7841940395100CFE34E /* Foundation.framework */; };
		186FD7A01940395200CFE34E /* UIKit.framework in Frameworks */ = {isa = PBXBuildFile; fileRef = 186FD7881940395100CFE34E /* UIKit.framework */; };
		186FD7A81940395200CFE34E /* InfoPlist.strings in Resources */ = {isa = PBXBuildFile; fileRef = 186FD7A61940395200CFE34E /* InfoPlist.strings */; };
		186FD7AA1940395200CFE34E /* editingCellDemoTests.m in Sources */ = {isa = PBXBuildFile; fileRef = 186FD7A91940395200CFE34E /* editingCellDemoTests.m */; };
		186FD7B51940397500CFE34E /* rootTableViewController.m in Sources */ = {isa = PBXBuildFile; fileRef = 186FD7B41940397500CFE34E /* rootTableViewController.m */; };
/* End PBXBuildFile section */

/* Begin PBXContainerItemProxy section */
		186FD7A11940395200CFE34E /* PBXContainerItemProxy */ = {
			isa = PBXContainerItemProxy;
			containerPortal = 186FD7791940395100CFE34E /* Project object */;
			proxyType = 1;
			remoteGlobalIDString = 186FD7801940395100CFE34E;
			remoteInfo = editingCellDemo;
		};
/* End PBXContainerItemProxy section */

/* Begin PBXFileReference section */
		186FD7811940395100CFE34E /* editingCellDemo.app */ = {isa = PBXFileReference; explicitFileType = wrapper.application; includeInIndex = 0; path = editingCellDemo.app; sourceTree = BUILT_PRODUCTS_DIR; };
		186FD7841940395100CFE34E /* Foundation.framework */ = {isa = PBXFileReference; lastKnownFileType = wrapper.framework; name = Foundation.framework; path = System/Library/Frameworks/Foundation.framework; sourceTree = SDKROOT; };
		186FD7861940395100CFE34E /* CoreGraphics.framework */ = {isa = PBXFileReference; lastKnownFileType = wrapper.framework; name = CoreGraphics.framework; path = System/Library/Frameworks/CoreGraphics.framework; sourceTree = SDKROOT; };
		186FD7881940395100CFE34E /* UIKit.framework */ = {isa = PBXFileReference; lastKnownFileType = wrapper.framework; name = UIKit.framework; path = System/Library/Frameworks/UIKit.framework; sourceTree = SDKROOT; };
		186FD78C1940395100CFE34E /* editingCellDemo-Info.plist */ = {isa = PBXFileReference; lastKnownFileType = text.plist.xml; path = "editingCellDemo-Info.plist"; sourceTree = "<group>"; };
		186FD78E1940395100CFE34E /* en */ = {isa = PBXFileReference; lastKnownFileType = text.plist.strings; name = en; path = en.lproj/InfoPlist.strings; sourceTree = "<group>"; };
		186FD7901940395100CFE34E /* main.m */ = {isa = PBXFileReference; lastKnownFileType = sourcecode.c.objc; path = main.m; sourceTree = "<group>"; };
		186FD7921940395100CFE34E /* editingCellDemo-Prefix.pch */ = {isa = PBXFileReference; lastKnownFileType = sourcecode.c.h; path = "editingCellDemo-Prefix.pch"; sourceTree = "<group>"; };
		186FD7931940395100CFE34E /* MyAppDelegate.h */ = {isa = PBXFileReference; lastKnownFileType = sourcecode.c.h; path = MyAppDelegate.h; sourceTree = "<group>"; };
		186FD7941940395100CFE34E /* MyAppDelegate.m */ = {isa = PBXFileReference; lastKnownFileType = sourcecode.c.objc; path = MyAppDelegate.m; sourceTree = "<group>"; };
		186FD7961940395100CFE34E /* Images.xcassets */ = {isa = PBXFileReference; lastKnownFileType = folder.assetcatalog; path = Images.xcassets; sourceTree = "<group>"; };
		186FD79C1940395200CFE34E /* editingCellDemoTests.xctest */ = {isa = PBXFileReference; explicitFileType = wrapper.cfbundle; includeInIndex = 0; path = editingCellDemoTests.xctest; sourceTree = BUILT_PRODUCTS_DIR; };
		186FD79D1940395200CFE34E /* XCTest.framework */ = {isa = PBXFileReference; lastKnownFileType = wrapper.framework; name = XCTest.framework; path = Library/Frameworks/XCTest.framework; sourceTree = DEVELOPER_DIR; };
		186FD7A51940395200CFE34E /* editingCellDemoTests-Info.plist */ = {isa = PBXFileReference; lastKnownFileType = text.plist.xml; path = "editingCellDemoTests-Info.plist"; sourceTree = "<group>"; };
		186FD7A71940395200CFE34E /* en */ = {isa = PBXFileReference; lastKnownFileType = text.plist.strings; name = en; path = en.lproj/InfoPlist.strings; sourceTree = "<group>"; };
		186FD7A91940395200CFE34E /* editingCellDemoTests.m */ = {isa = PBXFileReference; lastKnownFileType = sourcecode.c.objc; path = editingCellDemoTests.m; sourceTree = "<group>"; };
		186FD7B31940397500CFE34E /* rootTableViewController.h */ = {isa = PBXFileReference; fileEncoding = 4; lastKnownFileType = sourcecode.c.h; path = rootTableViewController.h; sourceTree = "<group>"; };
		186FD7B41940397500CFE34E /* rootTableViewController.m */ = {isa = PBXFileReference; fileEncoding = 4; lastKnownFileType = sourcecode.c.objc; path = rootTableViewController.m; sourceTree = "<group>"; };
/* End PBXFileReference section */

/* Begin PBXFrameworksBuildPhase section */
		186FD77E1940395100CFE34E /* Frameworks */ = {
			isa = PBXFrameworksBuildPhase;
			buildActionMask = 2147483647;
			files = (
				186FD7871940395100CFE34E /* CoreGraphics.framework in Frameworks */,
				186FD7891940395100CFE34E /* UIKit.framework in Frameworks */,
				186FD7851940395100CFE34E /* Foundation.framework in Frameworks */,
			);
			runOnlyForDeploymentPostprocessing = 0;
		};
		186FD7991940395200CFE34E /* Frameworks */ = {
			isa = PBXFrameworksBuildPhase;
			buildActionMask = 2147483647;
			files = (
				186FD79E1940395200CFE34E /* XCTest.framework in Frameworks */,
				186FD7A01940395200CFE34E /* UIKit.framework in Frameworks */,
				186FD79F1940395200CFE34E /* Foundation.framework in Frameworks */,
			);
			runOnlyForDeploymentPostprocessing = 0;
		};
/* End PBXFrameworksBuildPhase section */

/* Begin PBXGroup section */
		186FD7781940395100CFE34E = {
			isa = PBXGroup;
			children = (
				186FD78A1940395100CFE34E /* editingCellDemo */,
				186FD7A31940395200CFE34E /* editingCellDemoTests */,
				186FD7831940395100CFE34E /* Frameworks */,
				186FD7821940395100CFE34E /* Products */,
			);
			sourceTree = "<group>";
		};
		186FD7821940395100CFE34E /* Products */ = {
			isa = PBXGroup;
			children = (
				186FD7811940395100CFE34E /* editingCellDemo.app */,
				186FD79C1940395200CFE34E /* editingCellDemoTests.xctest */,
			);
			name = Products;
			sourceTree = "<group>";
		};
		186FD7831940395100CFE34E /* Frameworks */ = {
			isa = PBXGroup;
			children = (
				186FD7841940395100CFE34E /* Foundation.framework */,
				186FD7861940395100CFE34E /* CoreGraphics.framework */,
				186FD7881940395100CFE34E /* UIKit.framework */,
				186FD79D1940395200CFE34E /* XCTest.framework */,
			);
			name = Frameworks;
			sourceTree = "<group>";
		};
		186FD78A1940395100CFE34E /* editingCellDemo */ = {
			isa = PBXGroup;
			children = (
				186FD7931940395100CFE34E /* MyAppDelegate.h */,
				186FD7941940395100CFE34E /* MyAppDelegate.m */,
				186FD7B31940397500CFE34E /* rootTableViewController.h */,
				186FD7B41940397500CFE34E /* rootTableViewController.m */,
				186FD7961940395100CFE34E /* Images.xcassets */,
				186FD78B1940395100CFE34E /* Supporting Files */,
			);
			path = editingCellDemo;
			sourceTree = "<group>";
		};
		186FD78B1940395100CFE34E /* Supporting Files */ = {
			isa = PBXGroup;
			children = (
				186FD78C1940395100CFE34E /* editingCellDemo-Info.plist */,
				186FD78D1940395100CFE34E /* InfoPlist.strings */,
				186FD7901940395100CFE34E /* main.m */,
				186FD7921940395100CFE34E /* editingCellDemo-Prefix.pch */,
			);
			name = "Supporting Files";
			sourceTree = "<group>";
		};
		186FD7A31940395200CFE34E /* editingCellDemoTests */ = {
			isa = PBXGroup;
			children = (
				186FD7A91940395200CFE34E /* editingCellDemoTests.m */,
				186FD7A41940395200CFE34E /* Supporting Files */,
			);
			path = editingCellDemoTests;
			sourceTree = "<group>";
		};
		186FD7A41940395200CFE34E /* Supporting Files */ = {
			isa = PBXGroup;
			children = (
				186FD7A51940395200CFE34E /* editingCellDemoTests-Info.plist */,
				186FD7A61940395200CFE34E /* InfoPlist.strings */,
			);
			name = "Supporting Files";
			sourceTree = "<group>";
		};
/* End PBXGroup section */

/* Begin PBXNativeTarget section */
		186FD7801940395100CFE34E /* editingCellDemo */ = {
			isa = PBXNativeTarget;
			buildConfigurationList = 186FD7AD1940395200CFE34E /* Build configuration list for PBXNativeTarget "editingCellDemo" */;
			buildPhases = (
				186FD77D1940395100CFE34E /* Sources */,
				186FD77E1940395100CFE34E /* Frameworks */,
				186FD77F1940395100CFE34E /* Resources */,
			);
			buildRules = (
			);
			dependencies = (
			);
			name = editingCellDemo;
			productName = editingCellDemo;
			productReference = 186FD7811940395100CFE34E /* editingCellDemo.app */;
			productType = "com.apple.product-type.application";
		};
		186FD79B1940395200CFE34E /* editingCellDemoTests */ = {
			isa = PBXNativeTarget;
			buildConfigurationList = 186FD7B01940395200CFE34E /* Build configuration list for PBXNativeTarget "editingCellDemoTests" */;
			buildPhases = (
				186FD7981940395200CFE34E /* Sources */,
				186FD7991940395200CFE34E /* Frameworks */,
				186FD79A1940395200CFE34E /* Resources */,
			);
			buildRules = (
			);
			dependencies = (
				186FD7A21940395200CFE34E /* PBXTargetDependency */,
			);
			name = editingCellDemoTests;
			productName = editingCellDemoTests;
			productReference = 186FD79C1940395200CFE34E /* editingCellDemoTests.xctest */;
			productType = "com.apple.product-type.bundle.unit-test";
		};
/* End PBXNativeTarget section */

/* Begin PBXProject section */
		186FD7791940395100CFE34E /* Project object */ = {
			isa = PBXProject;
			attributes = {
				CLASSPREFIX = My;
				LastUpgradeCheck = 0510;
				ORGANIZATIONNAME = sky;
				TargetAttributes = {
					186FD79B1940395200CFE34E = {
						TestTargetID = 186FD7801940395100CFE34E;
					};
				};
			};
			buildConfigurationList = 186FD77C1940395100CFE34E /* Build configuration list for PBXProject "editingCellDemo" */;
			compatibilityVersion = "Xcode 3.2";
			developmentRegion = English;
			hasScannedForEncodings = 0;
			knownRegions = (
				en,
			);
			mainGroup = 186FD7781940395100CFE34E;
			productRefGroup = 186FD7821940395100CFE34E /* Products */;
			projectDirPath = "";
			projectRoot = "";
			targets = (
				186FD7801940395100CFE34E /* editingCellDemo */,
				186FD79B1940395200CFE34E /* editingCellDemoTests */,
			);
		};
/* End PBXProject section */

/* Begin PBXResourcesBuildPhase section */
		186FD77F1940395100CFE34E /* Resources */ = {
			isa = PBXResourcesBuildPhase;
			buildActionMask = 2147483647;
			files = (
				186FD78F1940395100CFE34E /* InfoPlist.strings in Resources */,
				186FD7971940395100CFE34E /* Images.xcassets in Resources */,
			);
			runOnlyForDeploymentPostprocessing = 0;
		};
		186FD79A1940395200CFE34E /* Resources */ = {
			isa = PBXResourcesBuildPhase;
			buildActionMask = 2147483647;
			files = (
				186FD7A81940395200CFE34E /* InfoPlist.strings in Resources */,
			);
			runOnlyForDeploymentPostprocessing = 0;
		};
/* End PBXResourcesBuildPhase section */

/* Begin PBXSourcesBuildPhase section */
		186FD77D1940395100CFE34E /* Sources */ = {
			isa = PBXSourcesBuildPhase;
			buildActionMask = 2147483647;
			files = (
				186FD7951940395100CFE34E /* MyAppDelegate.m in Sources */,
				186FD7911940395100CFE34E /* main.m in Sources */,
				186FD7B51940397500CFE34E /* rootTableViewController.m in Sources */,
			);
			runOnlyForDeploymentPostprocessing = 0;
		};
		186FD7981940395200CFE34E /* Sources */ = {
			isa = PBXSourcesBuildPhase;
			buildActionMask = 2147483647;
			files = (
				186FD7AA1940395200CFE34E /* editingCellDemoTests.m in Sources */,
			);
			runOnlyForDeploymentPostprocessing = 0;
		};
/* End PBXSourcesBuildPhase section */

/* Begin PBXTargetDependency section */
		186FD7A21940395200CFE34E /* PBXTargetDependency */ = {
			isa = PBXTargetDependency;
			target = 186FD7801940395100CFE34E /* editingCellDemo */;
			targetProxy = 186FD7A11940395200CFE34E /* PBXContainerItemProxy */;
		};
/* End PBXTargetDependency section */

/* Begin PBXVariantGroup section */
		186FD78D1940395100CFE34E /* InfoPlist.strings */ = {
			isa = PBXVariantGroup;
			children = (
				186FD78E1940395100CFE34E /* en */,
			);
			name = InfoPlist.strings;
			sourceTree = "<group>";
		};
		186FD7A61940395200CFE34E /* InfoPlist.strings */ = {
			isa = PBXVariantGroup;
			children = (
				186FD7A71940395200CFE34E /* en */,
			);
			name = InfoPlist.strings;
			sourceTree = "<group>";
		};
/* End PBXVariantGroup section */

/* Begin XCBuildConfiguration section */
		186FD7AB1940395200CFE34E /* Debug */ = {
			isa = XCBuildConfiguration;
			buildSettings = {
				ALWAYS_SEARCH_USER_PATHS = NO;
				CLANG_CXX_LANGUAGE_STANDARD = "gnu++0x";
				CLANG_CXX_LIBRARY = "libc++";
				CLANG_ENABLE_MODULES = YES;
				CLANG_ENABLE_OBJC_ARC = YES;
				CLANG_WARN_BOOL_CONVERSION = YES;
				CLANG_WARN_CONSTANT_CONVERSION = YES;
				CLANG_WARN_DIRECT_OBJC_ISA_USAGE = YES_ERROR;
				CLANG_WARN_EMPTY_BODY = YES;
				CLANG_WARN_ENUM_CONVERSION = YES;
				CLANG_WARN_INT_CONVERSION = YES;
				CLANG_WARN_OBJC_ROOT_CLASS = YES_ERROR;
				CLANG_WARN__DUPLICATE_METHOD_MATCH = YES;
				"CODE_SIGN_IDENTITY[sdk=iphoneos*]" = "iPhone Developer";
				COPY_PHASE_STRIP = NO;
				GCC_C_LANGUAGE_STANDARD = gnu99;
				GCC_DYNAMIC_NO_PIC = NO;
				GCC_OPTIMIZATION_LEVEL = 0;
				GCC_PREPROCESSOR_DEFINITIONS = (
					"DEBUG=1",
					"$(inherited)",
				);
				GCC_SYMBOLS_PRIVATE_EXTERN = NO;
				GCC_WARN_64_TO_32_BIT_CONVERSION = YES;
				GCC_WARN_ABOUT_RETURN_TYPE = YES_ERROR;
				GCC_WARN_UNDECLARED_SELECTOR = YES;
				GCC_WARN_UNINITIALIZED_AUTOS = YES_AGGRESSIVE;
				GCC_WARN_UNUSED_FUNCTION = YES;
				GCC_WARN_UNUSED_VARIABLE = YES;
				IPHONEOS_DEPLOYMENT_TARGET = 7.0;
				ONLY_ACTIVE_ARCH = YES;
				SDKROOT = iphoneos;
			};
			name = Debug;
		};
		186FD7AC1940395200CFE34E /* Release */ = {
			isa = XCBuildConfiguration;
			buildSettings = {
				ALWAYS_SEARCH_USER_PATHS = NO;
				CLANG_CXX_LANGUAGE_STANDARD = "gnu++0x";
				CLANG_CXX_LIBRARY = "libc++";
				CLANG_ENABLE_MODULES = YES;
				CLANG_ENABLE_OBJC_ARC = YES;
				CLANG_WARN_BOOL_CONVERSION = YES;
				CLANG_WARN_CONSTANT_CONVERSION = YES;
				CLANG_WARN_DIRECT_OBJC_ISA_USAGE = YES_ERROR;
				CLANG_WARN_EMPTY_BODY = YES;
				CLANG_WARN_ENUM_CONVERSION = YES;
				CLANG_WARN_INT_CONVERSION = YES;
				CLANG_WARN_OBJC_ROOT_CLASS = YES_ERROR;
				CLANG_WARN__DUPLICATE_METHOD_MATCH = YES;
				"CODE_SIGN_IDENTITY[sdk=iphoneos*]" = "iPhone Developer";
				COPY_PHASE_STRIP = YES;
				ENABLE_NS_ASSERTIONS = NO;
				GCC_C_LANGUAGE_STANDARD = gnu99;
				GCC_WARN_64_TO_32_BIT_CONVERSION = YES;
				GCC_WARN_ABOUT_RETURN_TYPE = YES_ERROR;
				GCC_WARN_UNDECLARED_SELECTOR = YES;
				GCC_WARN_UNINITIALIZED_AUTOS = YES_AGGRESSIVE;
				GCC_WARN_UNUSED_FUNCTION = YES;
				GCC_WARN_UNUSED_VARIABLE = YES;
				IPHONEOS_DEPLOYMENT_TARGET = 7.0;
				SDKROOT = iphoneos;
				VALIDATE_PRODUCT = YES;
			};
			name = Release;
		};
		186FD7AE1940395200CFE34E /* Debug */ = {
			isa = XCBuildConfiguration;
			buildSettings = {
				ASSETCATALOG_COMPILER_APPICON_NAME = AppIcon;
				ASSETCATALOG_COMPILER_LAUNCHIMAGE_NAME = LaunchImage;
				GCC_PRECOMPILE_PREFIX_HEADER = YES;
				GCC_PREFIX_HEADER = "editingCellDemo/editingCellDemo-Prefix.pch";
				INFOPLIST_FILE = "editingCellDemo/editingCellDemo-Info.plist";
				PRODUCT_NAME = "$(TARGET_NAME)";
				WRAPPER_EXTENSION = app;
			};
			name = Debug;
		};
		186FD7AF1940395200CFE34E /* Release */ = {
			isa = XCBuildConfiguration;
			buildSettings = {
				ASSETCATALOG_COMPILER_APPICON_NAME = AppIcon;
				ASSETCATALOG_COMPILER_LAUNCHIMAGE_NAME = LaunchImage;
				GCC_PRECOMPILE_PREFIX_HEADER = YES;
				GCC_PREFIX_HEADER = "editingCellDemo/editingCellDemo-Prefix.pch";
				INFOPLIST_FILE = "editingCellDemo/editingCellDemo-Info.plist";
				PRODUCT_NAME = "$(TARGET_NAME)";
				WRAPPER_EXTENSION = app;
			};
			name = Release;
		};
		186FD7B11940395200CFE34E /* Debug */ = {
			isa = XCBuildConfiguration;
			buildSettings = {
				BUNDLE_LOADER = "$(BUILT_PRODUCTS_DIR)/editingCellDemo.app/editingCellDemo";
				FRAMEWORK_SEARCH_PATHS = (
					"$(SDKROOT)/Developer/Library/Frameworks",
					"$(inherited)",
					"$(DEVELOPER_FRAMEWORKS_DIR)",
				);
				GCC_PRECOMPILE_PREFIX_HEADER = YES;
				GCC_PREFIX_HEADER = "editingCellDemo/editingCellDemo-Prefix.pch";
				GCC_PREPROCESSOR_DEFINITIONS = (
					"DEBUG=1",
					"$(inherited)",
				);
				INFOPLIST_FILE = "editingCellDemoTests/editingCellDemoTests-Info.plist";
				PRODUCT_NAME = "$(TARGET_NAME)";
				TEST_HOST = "$(BUNDLE_LOADER)";
				WRAPPER_EXTENSION = xctest;
			};
			name = Debug;
		};
		186FD7B21940395200CFE34E /* Release */ = {
			isa = XCBuildConfiguration;
			buildSettings = {
				BUNDLE_LOADER = "$(BUILT_PRODUCTS_DIR)/editingCellDemo.app/editingCellDemo";
				FRAMEWORK_SEARCH_PATHS = (
					"$(SDKROOT)/Developer/Library/Frameworks",
					"$(inherited)",
					"$(DEVELOPER_FRAMEWORKS_DIR)",
				);
				GCC_PRECOMPILE_PREFIX_HEADER = YES;
				GCC_PREFIX_HEADER = "editingCellDemo/editingCellDemo-Prefix.pch";
				INFOPLIST_FILE = "editingCellDemoTests/editingCellDemoTests-Info.plist";
				PRODUCT_NAME = "$(TARGET_NAME)";
				TEST_HOST = "$(BUNDLE_LOADER)";
				WRAPPER_EXTENSION = xctest;
			};
			name = Release;
		};
/* End XCBuildConfiguration section */

/* Begin XCConfigurationList section */
		186FD77C1940395100CFE34E /* Build configuration list for PBXProject "editingCellDemo" */ = {
			isa = XCConfigurationList;
			buildConfigurations = (
				186FD7AB1940395200CFE34E /* Debug */,
				186FD7AC1940395200CFE34E /* Release */,
			);
			defaultConfigurationIsVisible = 0;
			defaultConfigurationName = Release;
		};
		186FD7AD1940395200CFE34E /* Build configuration list for PBXNativeTarget "editingCellDemo" */ = {
			isa = XCConfigurationList;
			buildConfigurations = (
				186FD7AE1940395200CFE34E /* Debug */,
				186FD7AF1940395200CFE34E /* Release */,
			);
			defaultConfigurationIsVisible = 0;
		};
		186FD7B01940395200CFE34E /* Build configuration list for PBXNativeTarget "editingCellDemoTests" */ = {
			isa = XCConfigurationList;
			buildConfigurations = (
				186FD7B11940395200CFE34E /* Debug */,
				186FD7B21940395200CFE34E /* Release */,
			);
			defaultConfigurationIsVisible = 0;
		};
/* End XCConfigurationList section */
	};
	rootObject = 186FD7791940395100CFE34E /* Project object */;
}
